<?xml version="1.0" encoding="utf-8"?>
<Project ToolsVersion="4.0" xmlns="http://schemas.microsoft.com/developer/msbuild/2003">
  <ItemGroup>
    <Filter Include="Source Files">
      <UniqueIdentifier>{4FC737F1-C7A5-4376-A066-2A32D752A2FF}</UniqueIdentifier>
      <Extensions>cpp;c;cc;cxx;c++;cppm;ixx;def;odl;idl;hpj;bat;asm;asmx</Extensions>
    </Filter>
    <Filter Include="Resource Files">
      <UniqueIdentifier>{67DA6AB6-F800-4c08-8B7A-83BB121AAD01}</UniqueIdentifier>
      <Extensions>rc;ico;cur;bmp;dlg;rc2;rct;bin;rgs;gif;jpg;jpeg;jpe;resx;tiff;tif;png;wav;mfcribbon-ms</Extensions>
    </Filter>
    <Filter Include="Source Files\Utility">
      <UniqueIdentifier>{fe76bd4c-257b-4367-b334-f71f71e387db}</UniqueIdentifier>
    </Filter>
    <Filter Include="Source Files\Third-party">
      <UniqueIdentifier>{656a9e42-e42d-48b3-ba04-a1f41e278237}</UniqueIdentifier>
    </Filter>
    <Filter Include="Source Files\Third-party\SQLiteCpp">
      <UniqueIdentifier>{2d33d23a-af68-4cd7-8729-6d2367369bd8}</UniqueIdentifier>
    </Filter>
    <Filter Include="Source Files\Third-party\tinyxml2">
      <UniqueIdentifier>{abfccfd5-f4a0-4eff-8c48-c0fed63d8c8c}</UniqueIdentifier>
    </Filter>
    <Filter Include="Source Files\Third-party\uuid">
      <UniqueIdentifier>{b5ea80b4-2914-45c0-82fe-8ed586dc861e}</UniqueIdentifier>
    </Filter>
    <Filter Include="Source Files\AppModel">
      <UniqueIdentifier>{43584bac-6f34-46cc-984a-5080e30d0816}</UniqueIdentifier>
    </Filter>
    <Filter Include="Source Files\Third-party\AES">
      <UniqueIdentifier>{d5aecc7a-a1e8-4108-a4b6-d0e441fd4344}</UniqueIdentifier>
    </Filter>
    <Filter Include="Source Files\Third-party\SHA256">
      <UniqueIdentifier>{736b1a5c-2d17-433e-b8d6-5c23761d805b}</UniqueIdentifier>
    </Filter>
    <Filter Include="Source Files\Third-party\base64">
      <UniqueIdentifier>{cdfbbad3-f54b-4189-a4e6-ceedbc2275e1}</UniqueIdentifier>
    </Filter>
    <Filter Include="Source Files\Third-party\llamacpp">
      <UniqueIdentifier>{da9f6e9b-ea18-41e5-b6be-4e97032b1c41}</UniqueIdentifier>
    </Filter>
    <Filter Include="Source Files\Third-party\SDL3">
      <UniqueIdentifier>{5f584568-06c3-4c9a-93c4-e07687ded4f5}</UniqueIdentifier>
    </Filter>
    <Filter Include="Source Files\Third-party\SDL3_ttf">
      <UniqueIdentifier>{9dca3f3c-4443-4af7-a4f5-2c788cb31863}</UniqueIdentifier>
    </Filter>
    <Filter Include="Source Files\Third-party\SDL3_image">
      <UniqueIdentifier>{175f9403-9415-4e24-9707-f76ef04efb3b}</UniqueIdentifier>
    </Filter>
    <Filter Include="Source Files\Third-party\DainelaE">
      <UniqueIdentifier>{ba3cd4cd-c48a-4ea8-a943-7c8f169f1062}</UniqueIdentifier>
    </Filter>
    <Filter Include="Source Files\AppModel\Common">
      <UniqueIdentifier>{08ed38ef-c891-490c-b20a-88677d1ca92a}</UniqueIdentifier>
    </Filter>
    <Filter Include="Source Files\Frontend">
      <UniqueIdentifier>{d3b1a8a7-b33d-4d6d-a5fc-2fa4c92addad}</UniqueIdentifier>
    </Filter>
    <Filter Include="Source Files\Backend">
      <UniqueIdentifier>{f428964f-4d97-4958-99a9-4fe44a26be8d}</UniqueIdentifier>
    </Filter>
    <Filter Include="Source Files\Backend\LLM">
      <UniqueIdentifier>{b6a16c68-2efd-46d3-b4b1-42ee978fc28a}</UniqueIdentifier>
    </Filter>
    <Filter Include="Source Files\Backend\LLM\Embeddings">
      <UniqueIdentifier>{fc79dcd6-092f-47e7-870f-bcd0142e0610}</UniqueIdentifier>
    </Filter>
    <Filter Include="Source Files\Backend\LLM\Context">
      <UniqueIdentifier>{1a0e4325-4392-475b-9d87-cc5d5fa0b897}</UniqueIdentifier>
    </Filter>
    <Filter Include="Source Files\Frontend\GUI">
      <UniqueIdentifier>{19211871-fca3-43ea-a283-bedeafe48690}</UniqueIdentifier>
    </Filter>
    <Filter Include="Source Files\Frontend\GUI\Controls">
      <UniqueIdentifier>{629db8c4-47b9-4beb-a0f2-ed7e30cf6b90}</UniqueIdentifier>
    </Filter>
    <Filter Include="Source Files\Frontend\GUI\Frames">
      <UniqueIdentifier>{ad99cbed-4053-4284-9125-df5de355b049}</UniqueIdentifier>
    </Filter>
    <Filter Include="Source Files\Frontend\GUI\Layout">
      <UniqueIdentifier>{57755d10-8ebb-4dcb-baad-ffe8cd25fd40}</UniqueIdentifier>
    </Filter>
    <Filter Include="Source Files\Frontend\GUI\Resources">
      <UniqueIdentifier>{a03df242-3861-42f9-a5a1-d305c5eef703}</UniqueIdentifier>
    </Filter>
    <Filter Include="Source Files\Frontend\GUI\Utility">
      <UniqueIdentifier>{062e3db7-9b40-48c1-aa77-79b7eb40528d}</UniqueIdentifier>
    </Filter>
    <Filter Include="Source Files\Frontend\GUI\Primitives">
      <UniqueIdentifier>{2c70c89d-43b8-455e-8e3e-7dc34517dae3}</UniqueIdentifier>
    </Filter>
    <Filter Include="Source Files\Backend\LLM\Utility">
      <UniqueIdentifier>{a0782deb-9c61-45f0-ab51-c5a61d5c0d41}</UniqueIdentifier>
    </Filter>
    <Filter Include="Source Files\Third-party\fast-crc32">
      <UniqueIdentifier>{7adc1fef-db02-42af-a1be-8a578e63bd50}</UniqueIdentifier>
    </Filter>
    <Filter Include="Source Files\Frontend\FileSystem">
      <UniqueIdentifier>{ba779378-b49f-4ec8-9178-0fbc6b173e3f}</UniqueIdentifier>
    </Filter>
    <Filter Include="Source Files\Frontend\FileSystem\Serialization">
      <UniqueIdentifier>{eea3d39a-71b8-4c8b-b27c-1c3807000f83}</UniqueIdentifier>
    </Filter>
    <Filter Include="Source Files\Frontend\FileSystem\Import">
      <UniqueIdentifier>{7918e58f-670b-451a-bb45-c6d9b98f246c}</UniqueIdentifier>
    </Filter>
    <Filter Include="Source Files\Third-party\libspng">
      <UniqueIdentifier>{b39e232e-dcf5-487b-acfb-3a20538267a2}</UniqueIdentifier>
    </Filter>
    <Filter Include="Source Files\Third-party\miniz">
      <UniqueIdentifier>{bedbb7e8-502e-458f-9bdb-a2c59f44851b}</UniqueIdentifier>
    </Filter>
    <Filter Include="Source Files\AppModel\Data">
      <UniqueIdentifier>{ff0f8576-90c4-4582-9cfe-68cda04a61b0}</UniqueIdentifier>
    </Filter>
    <Filter Include="Source Files\AppModel\Data\Character">
      <UniqueIdentifier>{df4e26bf-3178-47fa-83ad-d6c77f16668d}</UniqueIdentifier>
    </Filter>
    <Filter Include="Source Files\Frontend\User">
      <UniqueIdentifier>{8e498fb3-7b47-4628-ba65-d85fd8f6c436}</UniqueIdentifier>
    </Filter>
    <Filter Include="Source Files\Frontend\FileSystem\Assets">
      <UniqueIdentifier>{267bc7c3-9a6f-4e7d-a7aa-d92284a5b061}</UniqueIdentifier>
    </Filter>
    <Filter Include="Source Files\Frontend\User\Authentication">
      <UniqueIdentifier>{02039172-0c57-451a-a294-f8f0e6ca4a9f}</UniqueIdentifier>
    </Filter>
    <Filter Include="Source Files\Frontend\GUI\Controls\Cards">
      <UniqueIdentifier>{0897e582-e3a2-4a2f-a8a6-b5f2d42ad6e6}</UniqueIdentifier>
    </Filter>
    <Filter Include="Source Files\Frontend\GUI\Screens">
      <UniqueIdentifier>{0b0e7823-493d-4e1c-9c9f-946893298eae}</UniqueIdentifier>
    </Filter>
    <Filter Include="Source Files\Frontend\GUI\Widgets">
      <UniqueIdentifier>{df64db93-71b3-42f9-a95f-1347111b58b6}</UniqueIdentifier>
    </Filter>
    <Filter Include="Source Files\Frontend\GUI\Layout\Sizers">
      <UniqueIdentifier>{5337a1e9-0b3d-42e9-bfb3-81797c6ee036}</UniqueIdentifier>
    </Filter>
    <Filter Include="Source Files\Frontend\GUI\Renderers">
      <UniqueIdentifier>{9af3d36f-c958-412c-be51-1004c096af49}</UniqueIdentifier>
    </Filter>
    <Filter Include="Source Files\Backend\Chat">
      <UniqueIdentifier>{6fec36fd-514b-4b20-8daa-8d5ad3fd04e6}</UniqueIdentifier>
    </Filter>
  </ItemGroup>
  <ItemGroup>
    <ClCompile Include="..\Libraries\SQLite3\src\Column.cpp">
      <Filter>Source Files\Third-party\SQLiteCpp</Filter>
    </ClCompile>
    <ClCompile Include="..\Libraries\SQLite3\src\Database.cpp">
      <Filter>Source Files\Third-party\SQLiteCpp</Filter>
    </ClCompile>
    <ClCompile Include="..\Libraries\SQLite3\src\Exception.cpp">
      <Filter>Source Files\Third-party\SQLiteCpp</Filter>
    </ClCompile>
    <ClCompile Include="..\Libraries\SQLite3\src\Savepoint.cpp">
      <Filter>Source Files\Third-party\SQLiteCpp</Filter>
    </ClCompile>
    <ClCompile Include="..\Libraries\SQLite3\src\Statement.cpp">
      <Filter>Source Files\Third-party\SQLiteCpp</Filter>
    </ClCompile>
    <ClCompile Include="..\Libraries\SQLite3\src\Transaction.cpp">
      <Filter>Source Files\Third-party\SQLiteCpp</Filter>
    </ClCompile>
    <ClCompile Include="..\Libraries\SQLite3\src\Backup.cpp">
      <Filter>Source Files\Third-party\SQLiteCpp</Filter>
    </ClCompile>
    <ClCompile Include="src\gui\LayoutElement.cpp">
      <Filter>Source Files\Frontend\GUI\Layout</Filter>
    </ClCompile>
    <ClCompile Include="src\gui\ChatScroll.cpp">
      <Filter>Source Files\Frontend\GUI\Controls</Filter>
    </ClCompile>
    <ClCompile Include="src\gui\ChatMessage.cpp">
      <Filter>Source Files\Frontend\GUI\Controls</Filter>
    </ClCompile>
    <ClCompile Include="src\util\Common.cpp">
      <Filter>Source Files\Utility</Filter>
    </ClCompile>
    <ClCompile Include="src\gui\StatusBar.cpp">
      <Filter>Source Files\Frontend\GUI\Controls</Filter>
    </ClCompile>
    <ClCompile Include="src\util\StringUtility.cpp">
      <Filter>Source Files\Utility</Filter>
    </ClCompile>
    <ClCompile Include="src\gui\Frame.cpp">
      <Filter>Source Files\Frontend\GUI\Frames</Filter>
    </ClCompile>
    <ClCompile Include="src\gui\AppResources.cpp">
      <Filter>Source Files\Frontend\GUI\Resources</Filter>
    </ClCompile>
    <ClCompile Include="src\gui\OldCharacterImageStore.cpp">
      <Filter>Source Files\Frontend\GUI\Resources</Filter>
    </ClCompile>
    <ClCompile Include="src\llm\Embedding.cpp">
      <Filter>Source Files\Backend\LLM\Embeddings</Filter>
    </ClCompile>
    <ClCompile Include="src\llm\LLMEmbedding.cpp">
      <Filter>Source Files\Backend\LLM\Embeddings</Filter>
    </ClCompile>
    <ClCompile Include="src\gui\VariableList.cpp">
      <Filter>Source Files\Frontend\GUI\Controls</Filter>
    </ClCompile>
    <ClCompile Include="src\llm\LLMStateVariables.cpp">
      <Filter>Source Files\Backend\LLM\Context</Filter>
    </ClCompile>
    <ClCompile Include="src\llm\Context.cpp">
      <Filter>Source Files\Backend\LLM\Context</Filter>
    </ClCompile>
    <ClCompile Include="src\llm\ContextCache.cpp">
      <Filter>Source Files\Backend\LLM\Context</Filter>
    </ClCompile>
    <ClCompile Include="src\llm\ContextBlock.cpp">
      <Filter>Source Files\Backend\LLM\Context</Filter>
    </ClCompile>
    <ClCompile Include="src\llm\ModelState.cpp">
      <Filter>Source Files\Backend\LLM</Filter>
    </ClCompile>
    <ClCompile Include="include\llm\LLMBackend.cpp">
      <Filter>Source Files\Backend\LLM</Filter>
    </ClCompile>
    <ClCompile Include="src\llm\LLMInstance.cpp">
      <Filter>Source Files\Backend\LLM</Filter>
    </ClCompile>
    <ClCompile Include="src\model\CharacterData.cpp">
      <Filter>Source Files\AppModel\Data\Character</Filter>
    </ClCompile>
    <ClCompile Include="..\Libraries\SHA256\src\sha256.c">
      <Filter>Source Files\Third-party\SHA256</Filter>
    </ClCompile>
    <ClCompile Include="..\Libraries\tinyxml2\src\tinyxml2.cpp">
      <Filter>Source Files\Third-party\tinyxml2</Filter>
    </ClCompile>
    <ClCompile Include="src\gui\Window.cpp">
      <Filter>Source Files\Frontend\GUI\Frames</Filter>
    </ClCompile>
    <ClCompile Include="src\gui\Fonts.cpp">
      <Filter>Source Files\Frontend\GUI\Resources</Filter>
    </ClCompile>
    <ClCompile Include="src\gui\GUIUtility.cpp">
      <Filter>Source Files\Frontend\GUI\Utility</Filter>
    </ClCompile>
    <ClCompile Include="src\pch.cpp">
      <Filter>Source Files</Filter>
    </ClCompile>
    <ClCompile Include="src\gui\Area.cpp">
      <Filter>Source Files\Frontend\GUI\Primitives</Filter>
    </ClCompile>
    <ClCompile Include="src\gui\Control.cpp">
      <Filter>Source Files\Frontend\GUI\Primitives</Filter>
    </ClCompile>
    <ClCompile Include="src\gui\Image.cpp">
      <Filter>Source Files\Frontend\GUI\Primitives</Filter>
    </ClCompile>
    <ClCompile Include="src\gui\Panel.cpp">
      <Filter>Source Files\Frontend\GUI\Primitives</Filter>
    </ClCompile>
    <ClCompile Include="src\gui\StaticText.cpp">
      <Filter>Source Files\Frontend\GUI\Primitives</Filter>
    </ClCompile>
    <ClCompile Include="src\gui\TextBox.cpp">
      <Filter>Source Files\Frontend\GUI\Primitives</Filter>
    </ClCompile>
    <ClCompile Include="src\gui\VerticalGradient.cpp">
      <Filter>Source Files\Frontend\GUI\Primitives</Filter>
    </ClCompile>
    <ClCompile Include="src\gui\HorizontalGradient.cpp">
      <Filter>Source Files\Frontend\GUI\Primitives</Filter>
    </ClCompile>
    <ClCompile Include="src\llm\LlamaApi.cpp">
      <Filter>Source Files\Backend\LLM</Filter>
    </ClCompile>
    <ClCompile Include="src\llm\ContextCursor.cpp">
      <Filter>Source Files\Backend\LLM\Context</Filter>
    </ClCompile>
    <ClCompile Include="src\fs\XmlWriter.cpp">
      <Filter>Source Files\Frontend\FileSystem\Serialization</Filter>
    </ClCompile>
    <ClCompile Include="src\fs\AssetFileReader.cpp">
      <Filter>Source Files\Frontend\FileSystem\Serialization</Filter>
    </ClCompile>
    <ClCompile Include="src\fs\AssetFileWriter.cpp">
      <Filter>Source Files\Frontend\FileSystem\Serialization</Filter>
    </ClCompile>
    <ClCompile Include="src\fs\FileUtility.cpp">
      <Filter>Source Files\Frontend\FileSystem\Serialization</Filter>
    </ClCompile>
    <ClCompile Include="src\fs\XmlReader.cpp">
      <Filter>Source Files\Frontend\FileSystem\Serialization</Filter>
    </ClCompile>
    <ClCompile Include="src\util\Hash.cpp">
      <Filter>Source Files\Frontend\User\Authentication</Filter>
    </ClCompile>
    <ClCompile Include="src\util\Security.cpp">
      <Filter>Source Files\Frontend\User\Authentication</Filter>
    </ClCompile>
    <ClCompile Include="src\gui\HomeScreen.cpp">
      <Filter>Source Files\Frontend\GUI\Screens</Filter>
    </ClCompile>
    <ClCompile Include="src\gui\ChatScreen.cpp">
      <Filter>Source Files\Frontend\GUI\Screens</Filter>
    </ClCompile>
    <ClCompile Include="src\gui\Screen.cpp">
      <Filter>Source Files\Frontend\GUI\Screens</Filter>
    </ClCompile>
    <ClCompile Include="src\gui\MainFrame.cpp">
      <Filter>Source Files\Frontend\GUI\Frames</Filter>
    </ClCompile>
    <ClCompile Include="include\gui\TexturedBorder.cpp">
      <Filter>Source Files\Frontend\GUI\Primitives</Filter>
    </ClCompile>
    <ClCompile Include="src\main.cpp">
      <Filter>Source Files\AppModel</Filter>
    </ClCompile>
    <ClCompile Include="src\model\AppState.cpp">
      <Filter>Source Files\AppModel</Filter>
    </ClCompile>
    <ClCompile Include="src\llm\LLMUtility.cpp">
      <Filter>Source Files\Backend\LLM\Utility</Filter>
    </ClCompile>
    <ClCompile Include="src\llm\LLMStatus.cpp">
      <Filter>Source Files\Backend\LLM\Utility</Filter>
    </ClCompile>
    <ClCompile Include="src\llm\Grammar.cpp">
      <Filter>Source Files\Backend\LLM\Utility</Filter>
    </ClCompile>
    <ClCompile Include="src\model\ScenarioData.cpp">
      <Filter>Source Files\AppModel\Data\Character</Filter>
    </ClCompile>
    <ClCompile Include="src\gui\NineGridImage.cpp">
      <Filter>Source Files\Frontend\GUI\Primitives</Filter>
    </ClCompile>
    <ClCompile Include="src\gui\ScrollPanel.cpp">
      <Filter>Source Files\Frontend\GUI\Primitives</Filter>
    </ClCompile>
    <ClCompile Include="src\gui\SidePanel.cpp">
      <Filter>Source Files\Frontend\GUI\Screens</Filter>
    </ClCompile>
    <ClCompile Include="src\gui\CardList.cpp">
      <Filter>Source Files\Frontend\GUI\Controls</Filter>
    </ClCompile>
    <ClCompile Include="src\gui\RoundedBorder.cpp">
      <Filter>Source Files\Frontend\GUI\Primitives</Filter>
    </ClCompile>
    <ClCompile Include="..\Libraries\fast-crc32\src\crc32.cpp">
      <Filter>Source Files\Third-party\fast-crc32</Filter>
    </ClCompile>
    <ClCompile Include="..\Libraries\libspng\src\spng.c">
      <Filter>Source Files\Third-party\libspng</Filter>
    </ClCompile>
    <ClCompile Include="..\Libraries\miniz\src\miniz.c">
      <Filter>Source Files\Third-party\miniz</Filter>
    </ClCompile>
    <ClCompile Include="src\fs\CardImporter.cpp">
      <Filter>Source Files\Frontend\FileSystem\Import</Filter>
    </ClCompile>
    <ClCompile Include="src\fs\TavernCardV2.cpp">
      <Filter>Source Files\Frontend\FileSystem\Import</Filter>
    </ClCompile>
    <ClCompile Include="src\model\UserManager.cpp">
      <Filter>Source Files\Frontend\User</Filter>
    </ClCompile>
    <ClCompile Include="src\model\Asset.cpp">
      <Filter>Source Files\Frontend\FileSystem\Assets</Filter>
    </ClCompile>
    <ClCompile Include="src\model\AssetManager.cpp">
      <Filter>Source Files\Frontend\FileSystem\Assets</Filter>
    </ClCompile>
    <ClCompile Include="src\fs\AssetDatabase.cpp">
      <Filter>Source Files\Frontend\FileSystem\Assets</Filter>
    </ClCompile>
    <ClCompile Include="src\util\ProfileDatabase.cpp">
      <Filter>Source Files\Frontend\User</Filter>
    </ClCompile>
    <ClCompile Include="src\model\ContentManager.cpp">
      <Filter>Source Files\Frontend\FileSystem\Assets</Filter>
    </ClCompile>
    <ClCompile Include="src\gui\CoverCard.cpp">
      <Filter>Source Files\Frontend\GUI\Controls\Cards</Filter>
    </ClCompile>
    <ClCompile Include="src\gui\ScenarioCard.cpp">
      <Filter>Source Files\Frontend\GUI\Controls\Cards</Filter>
    </ClCompile>
    <ClCompile Include="src\gui\CharacterCard.cpp">
      <Filter>Source Files\Frontend\GUI\Controls\Cards</Filter>
    </ClCompile>
    <ClCompile Include="src\util\Dictionary.cpp">
      <Filter>Source Files\Utility</Filter>
    </ClCompile>
    <ClCompile Include="src\gui\SimpleTextBox.cpp">
      <Filter>Source Files\Frontend\GUI\Controls</Filter>
    </ClCompile>
    <ClCompile Include="src\gui\SearchBox.cpp">
      <Filter>Source Files\Frontend\GUI\Controls</Filter>
    </ClCompile>
    <ClCompile Include="src\gui\BaseButton.cpp">
      <Filter>Source Files\Frontend\GUI\Primitives</Filter>
    </ClCompile>
    <ClCompile Include="src\gui\ThemedButton.cpp">
      <Filter>Source Files\Frontend\GUI\Controls</Filter>
    </ClCompile>
    <ClCompile Include="src\gui\DebugScreen.cpp">
      <Filter>Source Files\Frontend\GUI\Screens</Filter>
    </ClCompile>
    <ClCompile Include="src\gui\GUIColor.cpp">
      <Filter>Source Files\Frontend\GUI\Utility</Filter>
    </ClCompile>
    <ClCompile Include="src\util\SearchIndex.cpp">
      <Filter>Source Files\Utility</Filter>
    </ClCompile>
    <ClCompile Include="src\gui\SidePanelButton.cpp">
      <Filter>Source Files\Frontend\GUI\Controls</Filter>
    </ClCompile>
    <ClCompile Include="src\gui\ButtonWithIcon.cpp">
      <Filter>Source Files\Frontend\GUI\Controls</Filter>
    </ClCompile>
    <ClCompile Include="src\gui\LoginScreen.cpp">
      <Filter>Source Files\Frontend\GUI\Screens</Filter>
    </ClCompile>
    <ClCompile Include="src\gui\PasswordBox.cpp">
      <Filter>Source Files\Frontend\GUI\Controls</Filter>
    </ClCompile>
    <ClCompile Include="src\util\IniFile.cpp">
      <Filter>Source Files\Utility</Filter>
    </ClCompile>
    <ClCompile Include="src\gui\ImageWithMask.cpp">
      <Filter>Source Files\Frontend\GUI\Primitives</Filter>
    </ClCompile>
    <ClCompile Include="src\model\UserSettings.cpp">
      <Filter>Source Files\AppModel</Filter>
    </ClCompile>
    <ClCompile Include="src\model\AppSettings.cpp">
      <Filter>Source Files\AppModel</Filter>
    </ClCompile>
    <ClCompile Include="src\gui\UserProfileWidget.cpp">
      <Filter>Source Files\Frontend\GUI\Widgets</Filter>
    </ClCompile>
    <ClCompile Include="src\fs\FileStream.cpp">
      <Filter>Source Files\Frontend\FileSystem</Filter>
    </ClCompile>
    <ClCompile Include="src\gui\GridSizer.cpp">
      <Filter>Source Files\Frontend\GUI\Layout\Sizers</Filter>
    </ClCompile>
    <ClCompile Include="src\gui\HorizontalSizer.cpp">
      <Filter>Source Files\Frontend\GUI\Layout\Sizers</Filter>
    </ClCompile>
    <ClCompile Include="src\gui\Sizer.cpp">
      <Filter>Source Files\Frontend\GUI\Layout\Sizers</Filter>
    </ClCompile>
    <ClCompile Include="src\gui\VerticalListSizer.cpp">
      <Filter>Source Files\Frontend\GUI\Layout\Sizers</Filter>
    </ClCompile>
    <ClCompile Include="src\gui\VerticalScrollSizer.cpp">
      <Filter>Source Files\Frontend\GUI\Layout\Sizers</Filter>
    </ClCompile>
    <ClCompile Include="src\gui\VerticalSizer.cpp">
      <Filter>Source Files\Frontend\GUI\Layout\Sizers</Filter>
    </ClCompile>
    <ClCompile Include="src\gui\CardImage.cpp">
      <Filter>Source Files\Frontend\GUI\Controls</Filter>
    </ClCompile>
    <ClCompile Include="src\gui\ButtonWithLabel.cpp">
      <Filter>Source Files\Frontend\GUI\Controls</Filter>
    </ClCompile>
    <ClCompile Include="src\gui\TexturedBorderRenderer.cpp">
      <Filter>Source Files\Frontend\GUI\Renderers</Filter>
    </ClCompile>
    <ClCompile Include="src\gui\RoundedBorderRenderer.cpp">
      <Filter>Source Files\Frontend\GUI\Renderers</Filter>
    </ClCompile>
    <ClCompile Include="src\gui\RoundedFillRenderer.cpp">
      <Filter>Source Files\Frontend\GUI\Renderers</Filter>
    </ClCompile>
    <ClCompile Include="src\gui\SolidFillRenderer.cpp">
      <Filter>Source Files\Frontend\GUI\Renderers</Filter>
    </ClCompile>
    <ClCompile Include="src\gui\LineBorderRenderer.cpp">
      <Filter>Source Files\Frontend\GUI\Renderers</Filter>
    </ClCompile>
    <ClCompile Include="src\gui\Menu.cpp">
      <Filter>Source Files\Frontend\GUI\Primitives</Filter>
    </ClCompile>
    <ClCompile Include="src\gui\Overlay.cpp">
      <Filter>Source Files\Frontend\GUI\Primitives</Filter>
    </ClCompile>
    <ClCompile Include="src\gui\MenuSeparator.cpp">
      <Filter>Source Files\Frontend\GUI\Primitives</Filter>
    </ClCompile>
    <ClCompile Include="src\gui\VerticalScrollBar.cpp">
      <Filter>Source Files\Frontend\GUI\Primitives</Filter>
    </ClCompile>
    <ClCompile Include="src\gui\ToggleWithIcon.cpp">
      <Filter>Source Files\Frontend\GUI\Controls</Filter>
    </ClCompile>
    <ClCompile Include="src\gui\Events.cpp">
      <Filter>Source Files\Frontend\GUI</Filter>
    </ClCompile>
    <ClCompile Include="src\model\CardMetaData.cpp">
      <Filter>Source Files\AppModel\Data</Filter>
    </ClCompile>
    <ClCompile Include="src\model\ChatCommandExecutor.cpp">
      <Filter>Source Files\Backend\Chat</Filter>
    </ClCompile>
    <ClCompile Include="src\model\ChatCommands.cpp">
      <Filter>Source Files\Backend\Chat</Filter>
    </ClCompile>
    <ClCompile Include="src\model\ChatSession.cpp">
      <Filter>Source Files\Backend\Chat</Filter>
    </ClCompile>
    <ClCompile Include="src\llm\ChatStaging.cpp">
      <Filter>Source Files\Backend\Chat</Filter>
    </ClCompile>
    <ClCompile Include="src\gui\LoadModelWidget.cpp">
      <Filter>Source Files\Frontend\GUI\Widgets</Filter>
    </ClCompile>
    <ClCompile Include="src\gui\PlayButton.cpp">
      <Filter>Source Files\Frontend\GUI\Controls</Filter>
    </ClCompile>
    <ClCompile Include="src\util\DebugUtils.cpp">
      <Filter>Source Files\Utility</Filter>
    </ClCompile>
    <ClCompile Include="src\model\ModelSettings.cpp">
      <Filter>Source Files\Backend\Chat</Filter>
    </ClCompile>
  </ItemGroup>
  <ItemGroup>
    <ClInclude Include="include\gui\LayoutElement.h">
      <Filter>Source Files\Frontend\GUI\Layout</Filter>
    </ClInclude>
    <ClInclude Include="include\gui\ChatScroll.h">
      <Filter>Source Files\Frontend\GUI\Controls</Filter>
    </ClInclude>
    <ClInclude Include="include\util\StringUtility.h">
      <Filter>Source Files\Utility</Filter>
    </ClInclude>
    <ClInclude Include="include\gui\ChatMessage.h">
      <Filter>Source Files\Frontend\GUI\Controls</Filter>
    </ClInclude>
    <ClInclude Include="include\util\Common.h">
      <Filter>Source Files\Utility</Filter>
    </ClInclude>
    <ClInclude Include="include\gui\StatusBar.h">
      <Filter>Source Files\Frontend\GUI\Controls</Filter>
    </ClInclude>
    <ClInclude Include="include\gui\Frame.h">
      <Filter>Source Files\Frontend\GUI\Frames</Filter>
    </ClInclude>
    <ClInclude Include="include\gui\AppResources.h">
      <Filter>Source Files\Frontend\GUI\Resources</Filter>
    </ClInclude>
    <ClInclude Include="include\gui\OldCharacterImageStore.h">
      <Filter>Source Files\Frontend\GUI\Resources</Filter>
    </ClInclude>
    <ClInclude Include="include\llm\LLMTypes.h">
      <Filter>Source Files\Backend\LLM</Filter>
    </ClInclude>
    <ClInclude Include="include\llm\LLMEmbedding.h">
      <Filter>Source Files\Backend\LLM\Embeddings</Filter>
    </ClInclude>
    <ClInclude Include="include\llm\Embedding.h">
      <Filter>Source Files\Backend\LLM\Embeddings</Filter>
    </ClInclude>
    <ClInclude Include="include\gui\VariableList.h">
      <Filter>Source Files\Frontend\GUI\Controls</Filter>
    </ClInclude>
    <ClInclude Include="include\llm\LLMStateVariables.h">
      <Filter>Source Files\Backend\LLM\Context</Filter>
    </ClInclude>
    <ClInclude Include="include\llm\Context.h">
      <Filter>Source Files\Backend\LLM\Context</Filter>
    </ClInclude>
    <ClInclude Include="include\llm\ContextCache.h">
      <Filter>Source Files\Backend\LLM\Context</Filter>
    </ClInclude>
    <ClInclude Include="include\llm\ContextBlock.h">
      <Filter>Source Files\Backend\LLM\Context</Filter>
    </ClInclude>
    <ClInclude Include="include\util\EnumFlags.h">
      <Filter>Source Files\Utility</Filter>
    </ClInclude>
    <ClInclude Include="include\llm\ModelState.h">
      <Filter>Source Files\Backend\LLM</Filter>
    </ClInclude>
    <ClInclude Include="include\util\Lockable.h">
      <Filter>Source Files\Utility</Filter>
    </ClInclude>
    <ClInclude Include="include\llm\LLMBackend.h">
      <Filter>Source Files\Backend\LLM</Filter>
    </ClInclude>
    <ClInclude Include="include\llm\LLMInstance.h">
      <Filter>Source Files\Backend\LLM</Filter>
    </ClInclude>
    <ClInclude Include="include\model\CharacterData.h">
      <Filter>Source Files\AppModel\Data\Character</Filter>
    </ClInclude>
    <ClInclude Include="include\Types.h">
      <Filter>Source Files\AppModel\Common</Filter>
    </ClInclude>
    <ClInclude Include="include\model\GlobalStrings.h">
      <Filter>Source Files\AppModel\Common</Filter>
    </ClInclude>
    <ClInclude Include="include\Constants.h">
      <Filter>Source Files\AppModel\Common</Filter>
    </ClInclude>
    <ClInclude Include="..\Libraries\AES\include\AES.h">
      <Filter>Source Files\Third-party\AES</Filter>
    </ClInclude>
    <ClInclude Include="..\Libraries\SHA256\include\sha256.h">
      <Filter>Source Files\Third-party\SHA256</Filter>
    </ClInclude>
    <ClInclude Include="..\Libraries\SQLite3\include\sqlite3.h">
      <Filter>Source Files\Third-party\SQLiteCpp</Filter>
    </ClInclude>
    <ClInclude Include="..\Libraries\tinyxml2\include\tinyxml2.h">
      <Filter>Source Files\Third-party\tinyxml2</Filter>
    </ClInclude>
    <ClInclude Include="..\Libraries\uuid_v4\include\endianness.h">
      <Filter>Source Files\Third-party\uuid</Filter>
    </ClInclude>
    <ClInclude Include="..\Libraries\uuid_v4\include\uuid_v4.h">
      <Filter>Source Files\Third-party\uuid</Filter>
    </ClInclude>
    <ClInclude Include="..\Libraries\base64\include\base64.h">
      <Filter>Source Files\Third-party\base64</Filter>
    </ClInclude>
    <ClInclude Include="..\Libraries\SDL3_ttf\include\SDL3_ttf\SDL_textengine.h">
      <Filter>Source Files\Third-party\SDL3_ttf</Filter>
    </ClInclude>
    <ClInclude Include="..\Libraries\SDL3_ttf\include\SDL3_ttf\SDL_ttf.h">
      <Filter>Source Files\Third-party\SDL3_ttf</Filter>
    </ClInclude>
    <ClInclude Include="..\Libraries\SDL_image\include\SDL3_image\SDL_image.h">
      <Filter>Source Files\Third-party\SDL3_image</Filter>
    </ClInclude>
    <ClInclude Include="..\Libraries\DanielaE\include\c_resource.h">
      <Filter>Source Files\Third-party\DainelaE</Filter>
    </ClInclude>
    <ClInclude Include="include\gui\Window.h">
      <Filter>Source Files\Frontend\GUI\Frames</Filter>
    </ClInclude>
    <ClInclude Include="include\gui\Fonts.h">
      <Filter>Source Files\Frontend\GUI\Resources</Filter>
    </ClInclude>
    <ClInclude Include="include\gui\GUICommon.h">
      <Filter>Source Files\Frontend\GUI</Filter>
    </ClInclude>
    <ClInclude Include="include\gui\GUIColor.h">
      <Filter>Source Files\Frontend\GUI\Utility</Filter>
    </ClInclude>
    <ClInclude Include="include\gui\GUITypes.h">
      <Filter>Source Files\Frontend\GUI\Utility</Filter>
    </ClInclude>
    <ClInclude Include="include\gui\GUIUtility.h">
      <Filter>Source Files\Frontend\GUI\Utility</Filter>
    </ClInclude>
    <ClInclude Include="include\gui\IUpdateable.h">
      <Filter>Source Files\Frontend\GUI\Layout</Filter>
    </ClInclude>
    <ClInclude Include="include\pch.h">
      <Filter>Source Files</Filter>
    </ClInclude>
    <ClInclude Include="include\gui\Area.h">
      <Filter>Source Files\Frontend\GUI\Primitives</Filter>
    </ClInclude>
    <ClInclude Include="include\gui\Control.h">
      <Filter>Source Files\Frontend\GUI\Primitives</Filter>
    </ClInclude>
    <ClInclude Include="include\gui\Primitives.h">
      <Filter>Source Files\Frontend\GUI\Primitives</Filter>
    </ClInclude>
    <ClInclude Include="include\gui\Image.h">
      <Filter>Source Files\Frontend\GUI\Primitives</Filter>
    </ClInclude>
    <ClInclude Include="include\gui\Panel.h">
      <Filter>Source Files\Frontend\GUI\Primitives</Filter>
    </ClInclude>
    <ClInclude Include="include\gui\StaticText.h">
      <Filter>Source Files\Frontend\GUI\Primitives</Filter>
    </ClInclude>
    <ClInclude Include="include\gui\TextBox.h">
      <Filter>Source Files\Frontend\GUI\Primitives</Filter>
    </ClInclude>
    <ClInclude Include="include\gui\VerticalGradient.h">
      <Filter>Source Files\Frontend\GUI\Primitives</Filter>
    </ClInclude>
    <ClInclude Include="include\gui\HorizontalGradient.h">
      <Filter>Source Files\Frontend\GUI\Primitives</Filter>
    </ClInclude>
    <ClInclude Include="include\util\UndoStack.h">
      <Filter>Source Files\Utility</Filter>
    </ClInclude>
    <ClInclude Include="include\llm\LlamaApi.h">
      <Filter>Source Files\Backend\LLM</Filter>
    </ClInclude>
    <ClInclude Include="include\llm\ContextCursor.h">
      <Filter>Source Files\Backend\LLM\Context</Filter>
    </ClInclude>
    <ClInclude Include="..\Libraries\llama.cpp\b5237\include\llama-cpp.h">
      <Filter>Source Files\Third-party\llamacpp</Filter>
    </ClInclude>
    <ClInclude Include="..\Libraries\llama.cpp\b5237\include\llama.h">
      <Filter>Source Files\Third-party\llamacpp</Filter>
    </ClInclude>
    <ClInclude Include="..\Libraries\SDL3\3.2.30\include\SDL3\SDL.h">
      <Filter>Source Files\Third-party\SDL3</Filter>
    </ClInclude>
    <ClInclude Include="..\Libraries\SDL3\3.2.30\include\SDL3\SDL_assert.h">
      <Filter>Source Files\Third-party\SDL3</Filter>
    </ClInclude>
    <ClInclude Include="..\Libraries\SDL3\3.2.30\include\SDL3\SDL_asyncio.h">
      <Filter>Source Files\Third-party\SDL3</Filter>
    </ClInclude>
    <ClInclude Include="..\Libraries\SDL3\3.2.30\include\SDL3\SDL_atomic.h">
      <Filter>Source Files\Third-party\SDL3</Filter>
    </ClInclude>
    <ClInclude Include="..\Libraries\SDL3\3.2.30\include\SDL3\SDL_audio.h">
      <Filter>Source Files\Third-party\SDL3</Filter>
    </ClInclude>
    <ClInclude Include="..\Libraries\SDL3\3.2.30\include\SDL3\SDL_begin_code.h">
      <Filter>Source Files\Third-party\SDL3</Filter>
    </ClInclude>
    <ClInclude Include="..\Libraries\SDL3\3.2.30\include\SDL3\SDL_bits.h">
      <Filter>Source Files\Third-party\SDL3</Filter>
    </ClInclude>
    <ClInclude Include="..\Libraries\SDL3\3.2.30\include\SDL3\SDL_blendmode.h">
      <Filter>Source Files\Third-party\SDL3</Filter>
    </ClInclude>
    <ClInclude Include="..\Libraries\SDL3\3.2.30\include\SDL3\SDL_camera.h">
      <Filter>Source Files\Third-party\SDL3</Filter>
    </ClInclude>
    <ClInclude Include="..\Libraries\SDL3\3.2.30\include\SDL3\SDL_clipboard.h">
      <Filter>Source Files\Third-party\SDL3</Filter>
    </ClInclude>
    <ClInclude Include="..\Libraries\SDL3\3.2.30\include\SDL3\SDL_close_code.h">
      <Filter>Source Files\Third-party\SDL3</Filter>
    </ClInclude>
    <ClInclude Include="..\Libraries\SDL3\3.2.30\include\SDL3\SDL_copying.h">
      <Filter>Source Files\Third-party\SDL3</Filter>
    </ClInclude>
    <ClInclude Include="..\Libraries\SDL3\3.2.30\include\SDL3\SDL_cpuinfo.h">
      <Filter>Source Files\Third-party\SDL3</Filter>
    </ClInclude>
    <ClInclude Include="..\Libraries\SDL3\3.2.30\include\SDL3\SDL_dialog.h">
      <Filter>Source Files\Third-party\SDL3</Filter>
    </ClInclude>
    <ClInclude Include="..\Libraries\SDL3\3.2.30\include\SDL3\SDL_egl.h">
      <Filter>Source Files\Third-party\SDL3</Filter>
    </ClInclude>
    <ClInclude Include="..\Libraries\SDL3\3.2.30\include\SDL3\SDL_endian.h">
      <Filter>Source Files\Third-party\SDL3</Filter>
    </ClInclude>
    <ClInclude Include="..\Libraries\SDL3\3.2.30\include\SDL3\SDL_error.h">
      <Filter>Source Files\Third-party\SDL3</Filter>
    </ClInclude>
    <ClInclude Include="..\Libraries\SDL3\3.2.30\include\SDL3\SDL_events.h">
      <Filter>Source Files\Third-party\SDL3</Filter>
    </ClInclude>
    <ClInclude Include="..\Libraries\SDL3\3.2.30\include\SDL3\SDL_filesystem.h">
      <Filter>Source Files\Third-party\SDL3</Filter>
    </ClInclude>
    <ClInclude Include="..\Libraries\SDL3\3.2.30\include\SDL3\SDL_gamepad.h">
      <Filter>Source Files\Third-party\SDL3</Filter>
    </ClInclude>
    <ClInclude Include="..\Libraries\SDL3\3.2.30\include\SDL3\SDL_gpu.h">
      <Filter>Source Files\Third-party\SDL3</Filter>
    </ClInclude>
    <ClInclude Include="..\Libraries\SDL3\3.2.30\include\SDL3\SDL_guid.h">
      <Filter>Source Files\Third-party\SDL3</Filter>
    </ClInclude>
    <ClInclude Include="..\Libraries\SDL3\3.2.30\include\SDL3\SDL_haptic.h">
      <Filter>Source Files\Third-party\SDL3</Filter>
    </ClInclude>
    <ClInclude Include="..\Libraries\SDL3\3.2.30\include\SDL3\SDL_hidapi.h">
      <Filter>Source Files\Third-party\SDL3</Filter>
    </ClInclude>
    <ClInclude Include="..\Libraries\SDL3\3.2.30\include\SDL3\SDL_hints.h">
      <Filter>Source Files\Third-party\SDL3</Filter>
    </ClInclude>
    <ClInclude Include="..\Libraries\SDL3\3.2.30\include\SDL3\SDL_init.h">
      <Filter>Source Files\Third-party\SDL3</Filter>
    </ClInclude>
    <ClInclude Include="..\Libraries\SDL3\3.2.30\include\SDL3\SDL_intrin.h">
      <Filter>Source Files\Third-party\SDL3</Filter>
    </ClInclude>
    <ClInclude Include="..\Libraries\SDL3\3.2.30\include\SDL3\SDL_iostream.h">
      <Filter>Source Files\Third-party\SDL3</Filter>
    </ClInclude>
    <ClInclude Include="..\Libraries\SDL3\3.2.30\include\SDL3\SDL_joystick.h">
      <Filter>Source Files\Third-party\SDL3</Filter>
    </ClInclude>
    <ClInclude Include="..\Libraries\SDL3\3.2.30\include\SDL3\SDL_keyboard.h">
      <Filter>Source Files\Third-party\SDL3</Filter>
    </ClInclude>
    <ClInclude Include="..\Libraries\SDL3\3.2.30\include\SDL3\SDL_keycode.h">
      <Filter>Source Files\Third-party\SDL3</Filter>
    </ClInclude>
    <ClInclude Include="..\Libraries\SDL3\3.2.30\include\SDL3\SDL_loadso.h">
      <Filter>Source Files\Third-party\SDL3</Filter>
    </ClInclude>
    <ClInclude Include="..\Libraries\SDL3\3.2.30\include\SDL3\SDL_locale.h">
      <Filter>Source Files\Third-party\SDL3</Filter>
    </ClInclude>
    <ClInclude Include="..\Libraries\SDL3\3.2.30\include\SDL3\SDL_log.h">
      <Filter>Source Files\Third-party\SDL3</Filter>
    </ClInclude>
    <ClInclude Include="..\Libraries\SDL3\3.2.30\include\SDL3\SDL_main.h">
      <Filter>Source Files\Third-party\SDL3</Filter>
    </ClInclude>
    <ClInclude Include="..\Libraries\SDL3\3.2.30\include\SDL3\SDL_main_impl.h">
      <Filter>Source Files\Third-party\SDL3</Filter>
    </ClInclude>
    <ClInclude Include="..\Libraries\SDL3\3.2.30\include\SDL3\SDL_messagebox.h">
      <Filter>Source Files\Third-party\SDL3</Filter>
    </ClInclude>
    <ClInclude Include="..\Libraries\SDL3\3.2.30\include\SDL3\SDL_metal.h">
      <Filter>Source Files\Third-party\SDL3</Filter>
    </ClInclude>
    <ClInclude Include="..\Libraries\SDL3\3.2.30\include\SDL3\SDL_misc.h">
      <Filter>Source Files\Third-party\SDL3</Filter>
    </ClInclude>
    <ClInclude Include="..\Libraries\SDL3\3.2.30\include\SDL3\SDL_mouse.h">
      <Filter>Source Files\Third-party\SDL3</Filter>
    </ClInclude>
    <ClInclude Include="..\Libraries\SDL3\3.2.30\include\SDL3\SDL_mutex.h">
      <Filter>Source Files\Third-party\SDL3</Filter>
    </ClInclude>
    <ClInclude Include="..\Libraries\SDL3\3.2.30\include\SDL3\SDL_oldnames.h">
      <Filter>Source Files\Third-party\SDL3</Filter>
    </ClInclude>
    <ClInclude Include="..\Libraries\SDL3\3.2.30\include\SDL3\SDL_opengl.h">
      <Filter>Source Files\Third-party\SDL3</Filter>
    </ClInclude>
    <ClInclude Include="..\Libraries\SDL3\3.2.30\include\SDL3\SDL_opengl_glext.h">
      <Filter>Source Files\Third-party\SDL3</Filter>
    </ClInclude>
    <ClInclude Include="..\Libraries\SDL3\3.2.30\include\SDL3\SDL_opengles.h">
      <Filter>Source Files\Third-party\SDL3</Filter>
    </ClInclude>
    <ClInclude Include="..\Libraries\SDL3\3.2.30\include\SDL3\SDL_opengles2.h">
      <Filter>Source Files\Third-party\SDL3</Filter>
    </ClInclude>
    <ClInclude Include="..\Libraries\SDL3\3.2.30\include\SDL3\SDL_opengles2_gl2.h">
      <Filter>Source Files\Third-party\SDL3</Filter>
    </ClInclude>
    <ClInclude Include="..\Libraries\SDL3\3.2.30\include\SDL3\SDL_opengles2_gl2ext.h">
      <Filter>Source Files\Third-party\SDL3</Filter>
    </ClInclude>
    <ClInclude Include="..\Libraries\SDL3\3.2.30\include\SDL3\SDL_opengles2_gl2platform.h">
      <Filter>Source Files\Third-party\SDL3</Filter>
    </ClInclude>
    <ClInclude Include="..\Libraries\SDL3\3.2.30\include\SDL3\SDL_opengles2_khrplatform.h">
      <Filter>Source Files\Third-party\SDL3</Filter>
    </ClInclude>
    <ClInclude Include="..\Libraries\SDL3\3.2.30\include\SDL3\SDL_pen.h">
      <Filter>Source Files\Third-party\SDL3</Filter>
    </ClInclude>
    <ClInclude Include="..\Libraries\SDL3\3.2.30\include\SDL3\SDL_pixels.h">
      <Filter>Source Files\Third-party\SDL3</Filter>
    </ClInclude>
    <ClInclude Include="..\Libraries\SDL3\3.2.30\include\SDL3\SDL_platform.h">
      <Filter>Source Files\Third-party\SDL3</Filter>
    </ClInclude>
    <ClInclude Include="..\Libraries\SDL3\3.2.30\include\SDL3\SDL_platform_defines.h">
      <Filter>Source Files\Third-party\SDL3</Filter>
    </ClInclude>
    <ClInclude Include="..\Libraries\SDL3\3.2.30\include\SDL3\SDL_power.h">
      <Filter>Source Files\Third-party\SDL3</Filter>
    </ClInclude>
    <ClInclude Include="..\Libraries\SDL3\3.2.30\include\SDL3\SDL_process.h">
      <Filter>Source Files\Third-party\SDL3</Filter>
    </ClInclude>
    <ClInclude Include="..\Libraries\SDL3\3.2.30\include\SDL3\SDL_properties.h">
      <Filter>Source Files\Third-party\SDL3</Filter>
    </ClInclude>
    <ClInclude Include="..\Libraries\SDL3\3.2.30\include\SDL3\SDL_rect.h">
      <Filter>Source Files\Third-party\SDL3</Filter>
    </ClInclude>
    <ClInclude Include="..\Libraries\SDL3\3.2.30\include\SDL3\SDL_render.h">
      <Filter>Source Files\Third-party\SDL3</Filter>
    </ClInclude>
    <ClInclude Include="..\Libraries\SDL3\3.2.30\include\SDL3\SDL_revision.h">
      <Filter>Source Files\Third-party\SDL3</Filter>
    </ClInclude>
    <ClInclude Include="..\Libraries\SDL3\3.2.30\include\SDL3\SDL_scancode.h">
      <Filter>Source Files\Third-party\SDL3</Filter>
    </ClInclude>
    <ClInclude Include="..\Libraries\SDL3\3.2.30\include\SDL3\SDL_sensor.h">
      <Filter>Source Files\Third-party\SDL3</Filter>
    </ClInclude>
    <ClInclude Include="..\Libraries\SDL3\3.2.30\include\SDL3\SDL_stdinc.h">
      <Filter>Source Files\Third-party\SDL3</Filter>
    </ClInclude>
    <ClInclude Include="..\Libraries\SDL3\3.2.30\include\SDL3\SDL_storage.h">
      <Filter>Source Files\Third-party\SDL3</Filter>
    </ClInclude>
    <ClInclude Include="..\Libraries\SDL3\3.2.30\include\SDL3\SDL_surface.h">
      <Filter>Source Files\Third-party\SDL3</Filter>
    </ClInclude>
    <ClInclude Include="..\Libraries\SDL3\3.2.30\include\SDL3\SDL_system.h">
      <Filter>Source Files\Third-party\SDL3</Filter>
    </ClInclude>
    <ClInclude Include="..\Libraries\SDL3\3.2.30\include\SDL3\SDL_test.h">
      <Filter>Source Files\Third-party\SDL3</Filter>
    </ClInclude>
    <ClInclude Include="..\Libraries\SDL3\3.2.30\include\SDL3\SDL_test_assert.h">
      <Filter>Source Files\Third-party\SDL3</Filter>
    </ClInclude>
    <ClInclude Include="..\Libraries\SDL3\3.2.30\include\SDL3\SDL_test_common.h">
      <Filter>Source Files\Third-party\SDL3</Filter>
    </ClInclude>
    <ClInclude Include="..\Libraries\SDL3\3.2.30\include\SDL3\SDL_test_compare.h">
      <Filter>Source Files\Third-party\SDL3</Filter>
    </ClInclude>
    <ClInclude Include="..\Libraries\SDL3\3.2.30\include\SDL3\SDL_test_crc32.h">
      <Filter>Source Files\Third-party\SDL3</Filter>
    </ClInclude>
    <ClInclude Include="..\Libraries\SDL3\3.2.30\include\SDL3\SDL_test_font.h">
      <Filter>Source Files\Third-party\SDL3</Filter>
    </ClInclude>
    <ClInclude Include="..\Libraries\SDL3\3.2.30\include\SDL3\SDL_test_fuzzer.h">
      <Filter>Source Files\Third-party\SDL3</Filter>
    </ClInclude>
    <ClInclude Include="..\Libraries\SDL3\3.2.30\include\SDL3\SDL_test_harness.h">
      <Filter>Source Files\Third-party\SDL3</Filter>
    </ClInclude>
    <ClInclude Include="..\Libraries\SDL3\3.2.30\include\SDL3\SDL_test_log.h">
      <Filter>Source Files\Third-party\SDL3</Filter>
    </ClInclude>
    <ClInclude Include="..\Libraries\SDL3\3.2.30\include\SDL3\SDL_test_md5.h">
      <Filter>Source Files\Third-party\SDL3</Filter>
    </ClInclude>
    <ClInclude Include="..\Libraries\SDL3\3.2.30\include\SDL3\SDL_test_memory.h">
      <Filter>Source Files\Third-party\SDL3</Filter>
    </ClInclude>
    <ClInclude Include="..\Libraries\SDL3\3.2.30\include\SDL3\SDL_thread.h">
      <Filter>Source Files\Third-party\SDL3</Filter>
    </ClInclude>
    <ClInclude Include="..\Libraries\SDL3\3.2.30\include\SDL3\SDL_time.h">
      <Filter>Source Files\Third-party\SDL3</Filter>
    </ClInclude>
    <ClInclude Include="..\Libraries\SDL3\3.2.30\include\SDL3\SDL_timer.h">
      <Filter>Source Files\Third-party\SDL3</Filter>
    </ClInclude>
    <ClInclude Include="..\Libraries\SDL3\3.2.30\include\SDL3\SDL_touch.h">
      <Filter>Source Files\Third-party\SDL3</Filter>
    </ClInclude>
    <ClInclude Include="..\Libraries\SDL3\3.2.30\include\SDL3\SDL_tray.h">
      <Filter>Source Files\Third-party\SDL3</Filter>
    </ClInclude>
    <ClInclude Include="..\Libraries\SDL3\3.2.30\include\SDL3\SDL_version.h">
      <Filter>Source Files\Third-party\SDL3</Filter>
    </ClInclude>
    <ClInclude Include="..\Libraries\SDL3\3.2.30\include\SDL3\SDL_video.h">
      <Filter>Source Files\Third-party\SDL3</Filter>
    </ClInclude>
    <ClInclude Include="..\Libraries\SDL3\3.2.30\include\SDL3\SDL_vulkan.h">
      <Filter>Source Files\Third-party\SDL3</Filter>
    </ClInclude>
    <ClInclude Include="include\fs\FileUtility.h">
      <Filter>Source Files\Frontend\FileSystem\Serialization</Filter>
    </ClInclude>
    <ClInclude Include="include\fs\Serialization.h">
      <Filter>Source Files\Frontend\FileSystem\Serialization</Filter>
    </ClInclude>
    <ClInclude Include="include\fs\Xml.h">
      <Filter>Source Files\Frontend\FileSystem\Serialization</Filter>
    </ClInclude>
    <ClInclude Include="include\util\Hash.h">
      <Filter>Source Files\Frontend\User\Authentication</Filter>
    </ClInclude>
    <ClInclude Include="include\util\Security.h">
      <Filter>Source Files\Frontend\User\Authentication</Filter>
    </ClInclude>
    <ClInclude Include="include\gui\Screen.h">
      <Filter>Source Files\Frontend\GUI\Screens</Filter>
    </ClInclude>
    <ClInclude Include="include\gui\HomeScreen.h">
      <Filter>Source Files\Frontend\GUI\Screens</Filter>
    </ClInclude>
    <ClInclude Include="include\gui\ChatScreen.h">
      <Filter>Source Files\Frontend\GUI\Screens</Filter>
    </ClInclude>
    <ClInclude Include="include\gui\MainFrame.h">
      <Filter>Source Files\Frontend\GUI\Frames</Filter>
    </ClInclude>
    <ClInclude Include="include\gui\TexturedBorder.h">
      <Filter>Source Files\Frontend\GUI\Primitives</Filter>
    </ClInclude>
    <ClInclude Include="include\model\AppState.h">
      <Filter>Source Files\AppModel</Filter>
    </ClInclude>
    <ClInclude Include="include\llm\LLMUtility.h">
      <Filter>Source Files\Backend\LLM\Utility</Filter>
    </ClInclude>
    <ClInclude Include="include\llm\LLMStatus.h">
      <Filter>Source Files\Backend\LLM\Utility</Filter>
    </ClInclude>
    <ClInclude Include="include\llm\Grammar.h">
      <Filter>Source Files\Backend\LLM\Utility</Filter>
    </ClInclude>
    <ClInclude Include="include\llm\PromptTemplateTypes.h">
      <Filter>Source Files\Backend\LLM</Filter>
    </ClInclude>
    <ClInclude Include="include\model\ScenarioData.h">
      <Filter>Source Files\AppModel\Data\Character</Filter>
    </ClInclude>
    <ClInclude Include="include\gui\NineGridImage.h">
      <Filter>Source Files\Frontend\GUI\Primitives</Filter>
    </ClInclude>
    <ClInclude Include="include\gui\ScrollPanel.h">
      <Filter>Source Files\Frontend\GUI\Primitives</Filter>
    </ClInclude>
    <ClInclude Include="include\gui\SidePanel.h">
      <Filter>Source Files\Frontend\GUI\Screens</Filter>
    </ClInclude>
    <ClInclude Include="include\gui\CardList.h">
      <Filter>Source Files\Frontend\GUI\Controls</Filter>
    </ClInclude>
    <ClInclude Include="include\gui\RoundedBorder.h">
      <Filter>Source Files\Frontend\GUI\Primitives</Filter>
    </ClInclude>
    <ClInclude Include="..\Libraries\fast-crc32\include\crc32.h">
      <Filter>Source Files\Third-party\fast-crc32</Filter>
    </ClInclude>
    <ClInclude Include="include\fs\FileError.h">
      <Filter>Source Files\Frontend\FileSystem</Filter>
    </ClInclude>
    <ClInclude Include="..\Libraries\libspng\include\spng.h">
      <Filter>Source Files\Third-party\libspng</Filter>
    </ClInclude>
    <ClInclude Include="..\Libraries\miniz\include\miniz.h">
      <Filter>Source Files\Third-party\miniz</Filter>
    </ClInclude>
    <ClInclude Include="include\fs\CardImporter.h">
      <Filter>Source Files\Frontend\FileSystem\Import</Filter>
    </ClInclude>
    <ClInclude Include="include\fs\TavernCardV2.h">
      <Filter>Source Files\Frontend\FileSystem\Import</Filter>
    </ClInclude>
    <ClInclude Include="include\model\UserManager.h">
      <Filter>Source Files\Frontend\User</Filter>
    </ClInclude>
    <ClInclude Include="include\model\UserProfile.h">
      <Filter>Source Files\Frontend\User</Filter>
    </ClInclude>
    <ClInclude Include="include\fs\DatabaseError.h">
      <Filter>Source Files\Frontend\FileSystem</Filter>
    </ClInclude>
    <ClInclude Include="include\model\Asset.h">
      <Filter>Source Files\Frontend\FileSystem\Assets</Filter>
    </ClInclude>
    <ClInclude Include="include\model\AssetManager.h">
      <Filter>Source Files\Frontend\FileSystem\Assets</Filter>
    </ClInclude>
    <ClInclude Include="include\fs\AssetDatabase.h">
      <Filter>Source Files\Frontend\FileSystem\Assets</Filter>
    </ClInclude>
    <ClInclude Include="include\util\ProfileDatabase.h">
      <Filter>Source Files\Frontend\User</Filter>
    </ClInclude>
    <ClInclude Include="include\model\ContentManager.h">
      <Filter>Source Files\Frontend\FileSystem\Assets</Filter>
    </ClInclude>
    <ClInclude Include="include\gui\CoverCard.h">
      <Filter>Source Files\Frontend\GUI\Controls\Cards</Filter>
    </ClInclude>
    <ClInclude Include="include\gui\ScenarioCard.h">
      <Filter>Source Files\Frontend\GUI\Controls\Cards</Filter>
    </ClInclude>
    <ClInclude Include="include\gui\CharacterCard.h">
      <Filter>Source Files\Frontend\GUI\Controls\Cards</Filter>
    </ClInclude>
    <ClInclude Include="include\gui\GUIConstants.h">
      <Filter>Source Files\Frontend\GUI\Utility</Filter>
    </ClInclude>
    <ClInclude Include="include\util\Dictionary.h">
      <Filter>Source Files\Utility</Filter>
    </ClInclude>
    <ClInclude Include="include\gui\SimpleTextBox.h">
      <Filter>Source Files\Frontend\GUI\Controls</Filter>
    </ClInclude>
    <ClInclude Include="include\gui\SearchBox.h">
      <Filter>Source Files\Frontend\GUI\Controls</Filter>
    </ClInclude>
    <ClInclude Include="include\gui\BaseButton.h">
      <Filter>Source Files\Frontend\GUI\Primitives</Filter>
    </ClInclude>
    <ClInclude Include="include\gui\ThemedButton.h">
      <Filter>Source Files\Frontend\GUI\Controls</Filter>
    </ClInclude>
    <ClInclude Include="include\gui\DebugScreen.h">
      <Filter>Source Files\Frontend\GUI\Screens</Filter>
    </ClInclude>
    <ClInclude Include="include\util\SearchIndex.h">
      <Filter>Source Files\Utility</Filter>
    </ClInclude>
    <ClInclude Include="include\gui\ButtonWithIcon.h">
      <Filter>Source Files\Frontend\GUI\Controls</Filter>
    </ClInclude>
    <ClInclude Include="include\gui\SidePanelButton.h">
      <Filter>Source Files\Frontend\GUI\Controls</Filter>
    </ClInclude>
    <ClInclude Include="include\gui\LoginScreen.h">
      <Filter>Source Files\Frontend\GUI\Screens</Filter>
    </ClInclude>
    <ClInclude Include="include\gui\PasswordBox.h">
      <Filter>Source Files\Frontend\GUI\Controls</Filter>
    </ClInclude>
    <ClInclude Include="include\util\IniFile.h">
      <Filter>Source Files\Utility</Filter>
    </ClInclude>
    <ClInclude Include="include\fs\AssetFileReader.h">
      <Filter>Source Files\Frontend\FileSystem\Serialization</Filter>
    </ClInclude>
    <ClInclude Include="include\fs\AssetFileWriter.h">
      <Filter>Source Files\Frontend\FileSystem\Serialization</Filter>
    </ClInclude>
    <ClInclude Include="include\gui\ImageWithMask.h">
      <Filter>Source Files\Frontend\GUI\Primitives</Filter>
    </ClInclude>
    <ClInclude Include="include\model\Settings.h">
      <Filter>Source Files\AppModel</Filter>
    </ClInclude>
    <ClInclude Include="include\model\AppSettings.h">
      <Filter>Source Files\AppModel</Filter>
    </ClInclude>
    <ClInclude Include="include\model\UserSettings.h">
      <Filter>Source Files\AppModel</Filter>
    </ClInclude>
    <ClInclude Include="include\gui\UserProfileWidget.h">
      <Filter>Source Files\Frontend\GUI\Widgets</Filter>
    </ClInclude>
    <ClInclude Include="include\fs\FileStream.h">
      <Filter>Source Files\Frontend\FileSystem</Filter>
    </ClInclude>
    <ClInclude Include="include\gui\GridSizer.h">
      <Filter>Source Files\Frontend\GUI\Layout\Sizers</Filter>
    </ClInclude>
    <ClInclude Include="include\gui\HorizontalSizer.h">
      <Filter>Source Files\Frontend\GUI\Layout\Sizers</Filter>
    </ClInclude>
    <ClInclude Include="include\gui\Sizer.h">
      <Filter>Source Files\Frontend\GUI\Layout\Sizers</Filter>
    </ClInclude>
    <ClInclude Include="include\gui\VerticalListSizer.h">
      <Filter>Source Files\Frontend\GUI\Layout\Sizers</Filter>
    </ClInclude>
    <ClInclude Include="include\gui\VerticalScrollSizer.h">
      <Filter>Source Files\Frontend\GUI\Layout\Sizers</Filter>
    </ClInclude>
    <ClInclude Include="include\gui\VerticalSizer.h">
      <Filter>Source Files\Frontend\GUI\Layout\Sizers</Filter>
    </ClInclude>
    <ClInclude Include="include\gui\CardImage.h">
      <Filter>Source Files\Frontend\GUI\Controls</Filter>
    </ClInclude>
    <ClInclude Include="include\gui\ButtonWithLabel.h">
      <Filter>Source Files\Frontend\GUI\Controls</Filter>
    </ClInclude>
    <ClInclude Include="include\gui\CustomRenderer.h">
      <Filter>Source Files\Frontend\GUI\Renderers</Filter>
    </ClInclude>
    <ClInclude Include="include\gui\CustomRenderers.h">
      <Filter>Source Files\Frontend\GUI\Renderers</Filter>
    </ClInclude>
    <ClInclude Include="include\gui\TexturedBorderRenderer.h">
      <Filter>Source Files\Frontend\GUI\Renderers</Filter>
    </ClInclude>
    <ClInclude Include="include\gui\RoundedBorderRenderer.h">
      <Filter>Source Files\Frontend\GUI\Renderers</Filter>
    </ClInclude>
    <ClInclude Include="include\gui\RoundedFillRenderer.h">
      <Filter>Source Files\Frontend\GUI\Renderers</Filter>
    </ClInclude>
    <ClInclude Include="include\gui\SolidFillRenderer.h">
      <Filter>Source Files\Frontend\GUI\Renderers</Filter>
    </ClInclude>
    <ClInclude Include="include\gui\LineBorderRenderer.h">
      <Filter>Source Files\Frontend\GUI\Renderers</Filter>
    </ClInclude>
    <ClInclude Include="include\util\ExcludedSearchTerms.h">
      <Filter>Source Files\Utility</Filter>
    </ClInclude>
    <ClInclude Include="include\gui\Menu.h">
      <Filter>Source Files\Frontend\GUI\Primitives</Filter>
    </ClInclude>
    <ClInclude Include="include\gui\Overlay.h">
      <Filter>Source Files\Frontend\GUI\Primitives</Filter>
    </ClInclude>
    <ClInclude Include="include\gui\MenuSeparator.h">
      <Filter>Source Files\Frontend\GUI\Primitives</Filter>
    </ClInclude>
    <ClInclude Include="include\gui\VerticalScrollBar.h">
      <Filter>Source Files\Frontend\GUI\Primitives</Filter>
    </ClInclude>
    <ClInclude Include="include\gui\ToggleWithIcon.h">
      <Filter>Source Files\Frontend\GUI\Controls</Filter>
    </ClInclude>
    <ClInclude Include="include\gui\Events.h">
      <Filter>Source Files\Frontend\GUI</Filter>
    </ClInclude>
    <ClInclude Include="include\model\CardMetaData.h">
      <Filter>Source Files\AppModel\Data</Filter>
    </ClInclude>
    <ClInclude Include="include\model\ChatTypes.h">
      <Filter>Source Files\Backend\Chat</Filter>
    </ClInclude>
    <ClInclude Include="include\model\ChatCommandExecutor.h">
      <Filter>Source Files\Backend\Chat</Filter>
    </ClInclude>
    <ClInclude Include="include\model\ChatCommands.h">
      <Filter>Source Files\Backend\Chat</Filter>
    </ClInclude>
    <ClInclude Include="include\model\ChatOptions.h">
      <Filter>Source Files\Backend\Chat</Filter>
    </ClInclude>
    <ClInclude Include="include\model\ChatSession.h">
      <Filter>Source Files\Backend\Chat</Filter>
    </ClInclude>
    <ClInclude Include="include\llm\ChatStaging.h">
      <Filter>Source Files\Backend\Chat</Filter>
    </ClInclude>
    <ClInclude Include="include\gui\KeyboardMods.h">
      <Filter>Source Files\Frontend\GUI\Utility</Filter>
    </ClInclude>
    <ClInclude Include="include\gui\LoadModelWidget.h">
      <Filter>Source Files\Frontend\GUI\Widgets</Filter>
    </ClInclude>
    <ClInclude Include="include\gui\PlayButton.h">
      <Filter>Source Files\Frontend\GUI\Controls</Filter>
    </ClInclude>
    <ClInclude Include="include\util\DebugUtils.h">
      <Filter>Source Files\Utility</Filter>
    </ClInclude>
    <ClInclude Include="include\model\ModelSettings.h">
      <Filter>Source Files\Backend\Chat</Filter>
    </ClInclude>
  </ItemGroup>
  <ItemGroup>
    <None Include="cpp.hint" />
  </ItemGroup>
</Project>