<?xml version="1.0" encoding="utf-8"?>
<Project ToolsVersion="4.0" xmlns="http://schemas.microsoft.com/developer/msbuild/2003">
  <ItemGroup>
    <Filter Include="Source Files">
      <UniqueIdentifier>{4FC737F1-C7A5-4376-A066-2A32D752A2FF}</UniqueIdentifier>
      <Extensions>cpp;c;cc;cxx;c++;cppm;ixx;def;odl;idl;hpj;bat;asm;asmx</Extensions>
    </Filter>
    <Filter Include="Resource Files">
      <UniqueIdentifier>{67DA6AB6-F800-4c08-8B7A-83BB121AAD01}</UniqueIdentifier>
      <Extensions>rc;ico;cur;bmp;dlg;rc2;rct;bin;rgs;gif;jpg;jpeg;jpe;resx;tiff;tif;png;wav;mfcribbon-ms</Extensions>
    </Filter>
    <Filter Include="Source Files\Utility">
      <UniqueIdentifier>{fe76bd4c-257b-4367-b334-f71f71e387db}</UniqueIdentifier>
    </Filter>
    <Filter Include="Source Files\Third-party">
      <UniqueIdentifier>{656a9e42-e42d-48b3-ba04-a1f41e278237}</UniqueIdentifier>
    </Filter>
    <Filter Include="Source Files\Third-party\SQLiteCpp">
      <UniqueIdentifier>{2d33d23a-af68-4cd7-8729-6d2367369bd8}</UniqueIdentifier>
    </Filter>
    <Filter Include="Source Files\Third-party\tinyxml2">
      <UniqueIdentifier>{abfccfd5-f4a0-4eff-8c48-c0fed63d8c8c}</UniqueIdentifier>
    </Filter>
    <Filter Include="Source Files\Third-party\uuid">
      <UniqueIdentifier>{b5ea80b4-2914-45c0-82fe-8ed586dc861e}</UniqueIdentifier>
    </Filter>
    <Filter Include="Source Files\Third-party\AES">
      <UniqueIdentifier>{d5aecc7a-a1e8-4108-a4b6-d0e441fd4344}</UniqueIdentifier>
    </Filter>
    <Filter Include="Source Files\Third-party\SHA256">
      <UniqueIdentifier>{736b1a5c-2d17-433e-b8d6-5c23761d805b}</UniqueIdentifier>
    </Filter>
    <Filter Include="Source Files\Third-party\base64">
      <UniqueIdentifier>{cdfbbad3-f54b-4189-a4e6-ceedbc2275e1}</UniqueIdentifier>
    </Filter>
    <Filter Include="Source Files\Third-party\llamacpp">
      <UniqueIdentifier>{da9f6e9b-ea18-41e5-b6be-4e97032b1c41}</UniqueIdentifier>
    </Filter>
    <Filter Include="Source Files\Third-party\SDL3">
      <UniqueIdentifier>{5f584568-06c3-4c9a-93c4-e07687ded4f5}</UniqueIdentifier>
    </Filter>
    <Filter Include="Source Files\Third-party\SDL3_ttf">
      <UniqueIdentifier>{9dca3f3c-4443-4af7-a4f5-2c788cb31863}</UniqueIdentifier>
    </Filter>
    <Filter Include="Source Files\Third-party\SDL3_image">
      <UniqueIdentifier>{175f9403-9415-4e24-9707-f76ef04efb3b}</UniqueIdentifier>
    </Filter>
    <Filter Include="Source Files\Third-party\DainelaE">
      <UniqueIdentifier>{ba3cd4cd-c48a-4ea8-a943-7c8f169f1062}</UniqueIdentifier>
    </Filter>
    <Filter Include="Source Files\Frontend">
      <UniqueIdentifier>{d3b1a8a7-b33d-4d6d-a5fc-2fa4c92addad}</UniqueIdentifier>
    </Filter>
    <Filter Include="Source Files\Backend">
      <UniqueIdentifier>{f428964f-4d97-4958-99a9-4fe44a26be8d}</UniqueIdentifier>
    </Filter>
    <Filter Include="Source Files\Backend\LLM">
      <UniqueIdentifier>{b6a16c68-2efd-46d3-b4b1-42ee978fc28a}</UniqueIdentifier>
    </Filter>
    <Filter Include="Source Files\Backend\LLM\Embeddings">
      <UniqueIdentifier>{fc79dcd6-092f-47e7-870f-bcd0142e0610}</UniqueIdentifier>
    </Filter>
    <Filter Include="Source Files\Backend\LLM\Context">
      <UniqueIdentifier>{1a0e4325-4392-475b-9d87-cc5d5fa0b897}</UniqueIdentifier>
    </Filter>
    <Filter Include="Source Files\Frontend\GUI">
      <UniqueIdentifier>{19211871-fca3-43ea-a283-bedeafe48690}</UniqueIdentifier>
    </Filter>
    <Filter Include="Source Files\Frontend\GUI\Controls">
      <UniqueIdentifier>{629db8c4-47b9-4beb-a0f2-ed7e30cf6b90}</UniqueIdentifier>
    </Filter>
    <Filter Include="Source Files\Frontend\GUI\Frames">
      <UniqueIdentifier>{ad99cbed-4053-4284-9125-df5de355b049}</UniqueIdentifier>
    </Filter>
    <Filter Include="Source Files\Frontend\GUI\Layout">
      <UniqueIdentifier>{57755d10-8ebb-4dcb-baad-ffe8cd25fd40}</UniqueIdentifier>
    </Filter>
    <Filter Include="Source Files\Frontend\GUI\Resources">
      <UniqueIdentifier>{a03df242-3861-42f9-a5a1-d305c5eef703}</UniqueIdentifier>
    </Filter>
    <Filter Include="Source Files\Frontend\GUI\Utility">
      <UniqueIdentifier>{062e3db7-9b40-48c1-aa77-79b7eb40528d}</UniqueIdentifier>
    </Filter>
    <Filter Include="Source Files\Backend\LLM\Utility">
      <UniqueIdentifier>{a0782deb-9c61-45f0-ab51-c5a61d5c0d41}</UniqueIdentifier>
    </Filter>
    <Filter Include="Source Files\Third-party\fast-crc32">
      <UniqueIdentifier>{7adc1fef-db02-42af-a1be-8a578e63bd50}</UniqueIdentifier>
    </Filter>
    <Filter Include="Source Files\Third-party\libspng">
      <UniqueIdentifier>{b39e232e-dcf5-487b-acfb-3a20538267a2}</UniqueIdentifier>
    </Filter>
    <Filter Include="Source Files\Third-party\miniz">
      <UniqueIdentifier>{bedbb7e8-502e-458f-9bdb-a2c59f44851b}</UniqueIdentifier>
    </Filter>
    <Filter Include="Source Files\Frontend\User">
      <UniqueIdentifier>{8e498fb3-7b47-4628-ba65-d85fd8f6c436}</UniqueIdentifier>
    </Filter>
    <Filter Include="Source Files\Frontend\GUI\Screens">
      <UniqueIdentifier>{0b0e7823-493d-4e1c-9c9f-946893298eae}</UniqueIdentifier>
    </Filter>
    <Filter Include="Source Files\Frontend\GUI\Widgets">
      <UniqueIdentifier>{df64db93-71b3-42f9-a95f-1347111b58b6}</UniqueIdentifier>
    </Filter>
    <Filter Include="Source Files\Frontend\GUI\Layout\Sizers">
      <UniqueIdentifier>{5337a1e9-0b3d-42e9-bfb3-81797c6ee036}</UniqueIdentifier>
    </Filter>
    <Filter Include="Source Files\Frontend\GUI\Renderers">
      <UniqueIdentifier>{9af3d36f-c958-412c-be51-1004c096af49}</UniqueIdentifier>
    </Filter>
    <Filter Include="Source Files\Frontend\IO">
      <UniqueIdentifier>{ba779378-b49f-4ec8-9178-0fbc6b173e3f}</UniqueIdentifier>
    </Filter>
    <Filter Include="Source Files\Frontend\IO\Serialization">
      <UniqueIdentifier>{eea3d39a-71b8-4c8b-b27c-1c3807000f83}</UniqueIdentifier>
    </Filter>
    <Filter Include="Source Files\Frontend\IO\Import">
      <UniqueIdentifier>{7918e58f-670b-451a-bb45-c6d9b98f246c}</UniqueIdentifier>
    </Filter>
    <Filter Include="Source Files\Frontend\IO\Assets">
      <UniqueIdentifier>{267bc7c3-9a6f-4e7d-a7aa-d92284a5b061}</UniqueIdentifier>
    </Filter>
    <Filter Include="Source Files\Application">
      <UniqueIdentifier>{43584bac-6f34-46cc-984a-5080e30d0816}</UniqueIdentifier>
    </Filter>
    <Filter Include="Source Files\Application\Common">
      <UniqueIdentifier>{08ed38ef-c891-490c-b20a-88677d1ca92a}</UniqueIdentifier>
    </Filter>
    <Filter Include="Source Files\Chat">
      <UniqueIdentifier>{6fec36fd-514b-4b20-8daa-8d5ad3fd04e6}</UniqueIdentifier>
    </Filter>
    <Filter Include="Source Files\Chat\Text">
      <UniqueIdentifier>{18600501-ae27-4354-89a8-ce200a7a96cd}</UniqueIdentifier>
    </Filter>
    <Filter Include="Source Files\Third-party\fpm">
      <UniqueIdentifier>{5c9890a5-1a01-45e7-91a1-61f4246ebe3f}</UniqueIdentifier>
    </Filter>
    <Filter Include="Source Files\Frontend\GUI\Screens\ChatListing">
      <UniqueIdentifier>{4f5345cc-8d81-4d49-9369-a40e594444b5}</UniqueIdentifier>
    </Filter>
    <Filter Include="Source Files\Frontend\GUI\Screens\ChatListing\Controls">
      <UniqueIdentifier>{af3c373c-e1f9-4fe3-8f58-583525875ebb}</UniqueIdentifier>
    </Filter>
    <Filter Include="Source Files\Frontend\GUI\Screens\Chat">
      <UniqueIdentifier>{44be9f97-9310-4dba-b1b1-15bceee15a45}</UniqueIdentifier>
    </Filter>
    <Filter Include="Source Files\Frontend\GUI\Screens\Chat\Controls">
      <UniqueIdentifier>{0924a918-e3aa-403d-a36b-456ea5fa7239}</UniqueIdentifier>
    </Filter>
    <Filter Include="Source Files\Frontend\GUI\Screens\Home">
      <UniqueIdentifier>{d5a481cc-0b10-4773-9886-59a6d7127668}</UniqueIdentifier>
    </Filter>
    <Filter Include="Source Files\Frontend\GUI\Screens\Home\Controls">
      <UniqueIdentifier>{ae61212c-9433-4ebf-8df8-2deae22720ee}</UniqueIdentifier>
    </Filter>
    <Filter Include="Source Files\Third-party\fast_gaussian_blur">
      <UniqueIdentifier>{8ff397de-7dd3-44d2-8594-7d6b6a218bf4}</UniqueIdentifier>
    </Filter>
    <Filter Include="Source Files\Frontend\IO\Data">
      <UniqueIdentifier>{ff0f8576-90c4-4582-9cfe-68cda04a61b0}</UniqueIdentifier>
    </Filter>
    <Filter Include="Source Files\Backend\TTS">
      <UniqueIdentifier>{c612fddb-7ff0-4231-b6b6-4545505e76cf}</UniqueIdentifier>
    </Filter>
    <Filter Include="Source Files\Frontend\Audio">
      <UniqueIdentifier>{32579375-ab0b-4c2a-b9a8-0022afda6e77}</UniqueIdentifier>
    </Filter>
    <Filter Include="Source Files\Backend\TTS\AudioServer">
      <UniqueIdentifier>{bce3df02-909e-4dc1-84d8-d271728445aa}</UniqueIdentifier>
    </Filter>
    <Filter Include="Source Files\Frontend\GUI\Screens\Editors">
      <UniqueIdentifier>{f995ba2b-e188-4bc6-ad30-c9b4e8435aed}</UniqueIdentifier>
    </Filter>
    <Filter Include="Source Files\Frontend\GUI\Controls\Primitives">
      <UniqueIdentifier>{2c70c89d-43b8-455e-8e3e-7dc34517dae3}</UniqueIdentifier>
    </Filter>
  </ItemGroup>
  <ItemGroup>
    <ClCompile Include="..\Libraries\SQLite3\src\Column.cpp">
      <Filter>Source Files\Third-party\SQLiteCpp</Filter>
    </ClCompile>
    <ClCompile Include="..\Libraries\SQLite3\src\Database.cpp">
      <Filter>Source Files\Third-party\SQLiteCpp</Filter>
    </ClCompile>
    <ClCompile Include="..\Libraries\SQLite3\src\Exception.cpp">
      <Filter>Source Files\Third-party\SQLiteCpp</Filter>
    </ClCompile>
    <ClCompile Include="..\Libraries\SQLite3\src\Savepoint.cpp">
      <Filter>Source Files\Third-party\SQLiteCpp</Filter>
    </ClCompile>
    <ClCompile Include="..\Libraries\SQLite3\src\Statement.cpp">
      <Filter>Source Files\Third-party\SQLiteCpp</Filter>
    </ClCompile>
    <ClCompile Include="..\Libraries\SQLite3\src\Transaction.cpp">
      <Filter>Source Files\Third-party\SQLiteCpp</Filter>
    </ClCompile>
    <ClCompile Include="..\Libraries\SQLite3\src\Backup.cpp">
      <Filter>Source Files\Third-party\SQLiteCpp</Filter>
    </ClCompile>
    <ClCompile Include="src\gui\LayoutElement.cpp">
      <Filter>Source Files\Frontend\GUI\Layout</Filter>
    </ClCompile>
    <ClCompile Include="src\util\CommonUtils.cpp">
      <Filter>Source Files\Utility</Filter>
    </ClCompile>
    <ClCompile Include="src\gui\StatusBar.cpp">
      <Filter>Source Files\Frontend\GUI\Controls</Filter>
    </ClCompile>
    <ClCompile Include="src\util\StringUtils.cpp">
      <Filter>Source Files\Utility</Filter>
    </ClCompile>
    <ClCompile Include="src\gui\Frame.cpp">
      <Filter>Source Files\Frontend\GUI\Frames</Filter>
    </ClCompile>
    <ClCompile Include="src\gui\AppResources.cpp">
      <Filter>Source Files\Frontend\GUI\Resources</Filter>
    </ClCompile>
    <ClCompile Include="src\llm\Embedding.cpp">
      <Filter>Source Files\Backend\LLM\Embeddings</Filter>
    </ClCompile>
    <ClCompile Include="src\llm\LLMEmbedding.cpp">
      <Filter>Source Files\Backend\LLM\Embeddings</Filter>
    </ClCompile>
    <ClCompile Include="src\llm\LLMStateVariables.cpp">
      <Filter>Source Files\Backend\LLM\Context</Filter>
    </ClCompile>
    <ClCompile Include="src\llm\LLMContext.cpp">
      <Filter>Source Files\Backend\LLM\Context</Filter>
    </ClCompile>
    <ClCompile Include="src\llm\ContextCache.cpp">
      <Filter>Source Files\Backend\LLM\Context</Filter>
    </ClCompile>
    <ClCompile Include="src\llm\ContextBlock.cpp">
      <Filter>Source Files\Backend\LLM\Context</Filter>
    </ClCompile>
    <ClCompile Include="src\llm\ModelState.cpp">
      <Filter>Source Files\Backend\LLM</Filter>
    </ClCompile>
    <ClCompile Include="src\llm\LLMInstance.cpp">
      <Filter>Source Files\Backend\LLM</Filter>
    </ClCompile>
    <ClCompile Include="..\Libraries\SHA256\src\sha256.c">
      <Filter>Source Files\Third-party\SHA256</Filter>
    </ClCompile>
    <ClCompile Include="..\Libraries\tinyxml2\src\tinyxml2.cpp">
      <Filter>Source Files\Third-party\tinyxml2</Filter>
    </ClCompile>
    <ClCompile Include="src\gui\Window.cpp">
      <Filter>Source Files\Frontend\GUI\Frames</Filter>
    </ClCompile>
    <ClCompile Include="src\gui\Fonts.cpp">
      <Filter>Source Files\Frontend\GUI\Resources</Filter>
    </ClCompile>
    <ClCompile Include="src\gui\GUIUtility.cpp">
      <Filter>Source Files\Frontend\GUI\Utility</Filter>
    </ClCompile>
    <ClCompile Include="src\pch.cpp">
      <Filter>Source Files</Filter>
    </ClCompile>
    <ClCompile Include="src\gui\Area.cpp">
      <Filter>Source Files\Frontend\GUI\Controls\Primitives</Filter>
    </ClCompile>
    <ClCompile Include="src\gui\Control.cpp">
      <Filter>Source Files\Frontend\GUI\Controls\Primitives</Filter>
    </ClCompile>
    <ClCompile Include="src\gui\Image.cpp">
      <Filter>Source Files\Frontend\GUI\Controls\Primitives</Filter>
    </ClCompile>
    <ClCompile Include="src\gui\Panel.cpp">
      <Filter>Source Files\Frontend\GUI\Controls\Primitives</Filter>
    </ClCompile>
    <ClCompile Include="src\gui\StaticText.cpp">
      <Filter>Source Files\Frontend\GUI\Controls\Primitives</Filter>
    </ClCompile>
    <ClCompile Include="src\gui\TextInput.cpp">
      <Filter>Source Files\Frontend\GUI\Controls\Primitives</Filter>
    </ClCompile>
    <ClCompile Include="src\gui\VerticalGradient.cpp">
      <Filter>Source Files\Frontend\GUI\Controls\Primitives</Filter>
    </ClCompile>
    <ClCompile Include="src\gui\HorizontalGradient.cpp">
      <Filter>Source Files\Frontend\GUI\Controls\Primitives</Filter>
    </ClCompile>
    <ClCompile Include="src\llm\LlamaApi.cpp">
      <Filter>Source Files\Backend\LLM</Filter>
    </ClCompile>
    <ClCompile Include="src\llm\ContextCursor.cpp">
      <Filter>Source Files\Backend\LLM\Context</Filter>
    </ClCompile>
    <ClCompile Include="src\gui\Screen.cpp">
      <Filter>Source Files\Frontend\GUI\Screens</Filter>
    </ClCompile>
    <ClCompile Include="src\gui\MainFrame.cpp">
      <Filter>Source Files\Frontend\GUI\Frames</Filter>
    </ClCompile>
    <ClCompile Include="include\gui\TexturedBorder.cpp">
      <Filter>Source Files\Frontend\GUI\Controls\Primitives</Filter>
    </ClCompile>
    <ClCompile Include="src\llm\LLMUtility.cpp">
      <Filter>Source Files\Backend\LLM\Utility</Filter>
    </ClCompile>
    <ClCompile Include="src\llm\LLMStatus.cpp">
      <Filter>Source Files\Backend\LLM\Utility</Filter>
    </ClCompile>
    <ClCompile Include="src\llm\Grammar.cpp">
      <Filter>Source Files\Backend\LLM\Utility</Filter>
    </ClCompile>
    <ClCompile Include="src\gui\NineGridImage.cpp">
      <Filter>Source Files\Frontend\GUI\Controls\Primitives</Filter>
    </ClCompile>
    <ClCompile Include="src\gui\ScrollPanel.cpp">
      <Filter>Source Files\Frontend\GUI\Controls\Primitives</Filter>
    </ClCompile>
    <ClCompile Include="src\gui\SidePanel.cpp">
      <Filter>Source Files\Frontend\GUI\Screens</Filter>
    </ClCompile>
    <ClCompile Include="src\gui\RoundedBorder.cpp">
      <Filter>Source Files\Frontend\GUI\Controls\Primitives</Filter>
    </ClCompile>
    <ClCompile Include="..\Libraries\fast-crc32\src\crc32.cpp">
      <Filter>Source Files\Third-party\fast-crc32</Filter>
    </ClCompile>
    <ClCompile Include="..\Libraries\libspng\src\spng.c">
      <Filter>Source Files\Third-party\libspng</Filter>
    </ClCompile>
    <ClCompile Include="..\Libraries\miniz\src\miniz.c">
      <Filter>Source Files\Third-party\miniz</Filter>
    </ClCompile>
    <ClCompile Include="src\gui\SearchBox.cpp">
      <Filter>Source Files\Frontend\GUI\Controls</Filter>
    </ClCompile>
    <ClCompile Include="src\gui\DebugScreen.cpp">
      <Filter>Source Files\Frontend\GUI\Screens</Filter>
    </ClCompile>
    <ClCompile Include="src\gui\GUIColor.cpp">
      <Filter>Source Files\Frontend\GUI\Utility</Filter>
    </ClCompile>
    <ClCompile Include="src\util\SearchIndex.cpp">
      <Filter>Source Files\Utility</Filter>
    </ClCompile>
    <ClCompile Include="src\gui\SidePanelButton.cpp">
      <Filter>Source Files\Frontend\GUI\Controls</Filter>
    </ClCompile>
    <ClCompile Include="src\gui\LoginScreen.cpp">
      <Filter>Source Files\Frontend\GUI\Screens</Filter>
    </ClCompile>
    <ClCompile Include="src\gui\PasswordBox.cpp">
      <Filter>Source Files\Frontend\GUI\Controls</Filter>
    </ClCompile>
    <ClCompile Include="src\gui\ImageWithMask.cpp">
      <Filter>Source Files\Frontend\GUI\Controls\Primitives</Filter>
    </ClCompile>
    <ClCompile Include="src\gui\UserProfileWidget.cpp">
      <Filter>Source Files\Frontend\GUI\Widgets</Filter>
    </ClCompile>
    <ClCompile Include="src\gui\GridSizer.cpp">
      <Filter>Source Files\Frontend\GUI\Layout\Sizers</Filter>
    </ClCompile>
    <ClCompile Include="src\gui\HorizontalSizer.cpp">
      <Filter>Source Files\Frontend\GUI\Layout\Sizers</Filter>
    </ClCompile>
    <ClCompile Include="src\gui\Sizer.cpp">
      <Filter>Source Files\Frontend\GUI\Layout\Sizers</Filter>
    </ClCompile>
    <ClCompile Include="src\gui\VerticalListSizer.cpp">
      <Filter>Source Files\Frontend\GUI\Layout\Sizers</Filter>
    </ClCompile>
    <ClCompile Include="src\gui\VerticalScrollSizer.cpp">
      <Filter>Source Files\Frontend\GUI\Layout\Sizers</Filter>
    </ClCompile>
    <ClCompile Include="src\gui\VerticalSizer.cpp">
      <Filter>Source Files\Frontend\GUI\Layout\Sizers</Filter>
    </ClCompile>
    <ClCompile Include="src\gui\TexturedBorderRenderer.cpp">
      <Filter>Source Files\Frontend\GUI\Renderers</Filter>
    </ClCompile>
    <ClCompile Include="src\gui\RoundedBorderRenderer.cpp">
      <Filter>Source Files\Frontend\GUI\Renderers</Filter>
    </ClCompile>
    <ClCompile Include="src\gui\RoundedFillRenderer.cpp">
      <Filter>Source Files\Frontend\GUI\Renderers</Filter>
    </ClCompile>
    <ClCompile Include="src\gui\SolidFillRenderer.cpp">
      <Filter>Source Files\Frontend\GUI\Renderers</Filter>
    </ClCompile>
    <ClCompile Include="src\gui\LineBorderRenderer.cpp">
      <Filter>Source Files\Frontend\GUI\Renderers</Filter>
    </ClCompile>
    <ClCompile Include="src\gui\Menu.cpp">
      <Filter>Source Files\Frontend\GUI\Controls\Primitives</Filter>
    </ClCompile>
    <ClCompile Include="src\gui\Overlay.cpp">
      <Filter>Source Files\Frontend\GUI\Controls\Primitives</Filter>
    </ClCompile>
    <ClCompile Include="src\gui\MenuSeparator.cpp">
      <Filter>Source Files\Frontend\GUI\Controls\Primitives</Filter>
    </ClCompile>
    <ClCompile Include="src\gui\VerticalScrollBar.cpp">
      <Filter>Source Files\Frontend\GUI\Controls\Primitives</Filter>
    </ClCompile>
    <ClCompile Include="src\gui\Events.cpp">
      <Filter>Source Files\Frontend\GUI</Filter>
    </ClCompile>
    <ClCompile Include="src\gui\LoadModelWidget.cpp">
      <Filter>Source Files\Frontend\GUI\Widgets</Filter>
    </ClCompile>
    <ClCompile Include="src\gui\PlayButton.cpp">
      <Filter>Source Files\Frontend\GUI\Controls</Filter>
    </ClCompile>
    <ClCompile Include="src\util\DebugUtils.cpp">
      <Filter>Source Files\Utility</Filter>
    </ClCompile>
    <ClCompile Include="src\util\Hash.cpp">
      <Filter>Source Files\Utility</Filter>
    </ClCompile>
    <ClCompile Include="src\app\AppState.cpp">
      <Filter>Source Files\Application</Filter>
    </ClCompile>
    <ClCompile Include="src\app\AppSettings.cpp">
      <Filter>Source Files\Application</Filter>
    </ClCompile>
    <ClCompile Include="src\app\main.cpp">
      <Filter>Source Files\Application</Filter>
    </ClCompile>
    <ClCompile Include="src\chat\ChatSession.cpp">
      <Filter>Source Files\Chat</Filter>
    </ClCompile>
    <ClCompile Include="src\chat\ChatStaging.cpp">
      <Filter>Source Files\Chat</Filter>
    </ClCompile>
    <ClCompile Include="src\chat\ChatCommandExecutor.cpp">
      <Filter>Source Files\Chat</Filter>
    </ClCompile>
    <ClCompile Include="src\chat\ChatCommands.cpp">
      <Filter>Source Files\Chat</Filter>
    </ClCompile>
    <ClCompile Include="src\llm\LLMBackend.cpp">
      <Filter>Source Files\Backend\LLM</Filter>
    </ClCompile>
    <ClCompile Include="src\io\CardImporter.cpp">
      <Filter>Source Files\Frontend\IO\Import</Filter>
    </ClCompile>
    <ClCompile Include="src\io\IndexDatabase.cpp">
      <Filter>Source Files\Frontend\IO\Assets</Filter>
    </ClCompile>
    <ClCompile Include="src\io\AssetFileReader.cpp">
      <Filter>Source Files\Frontend\IO\Assets</Filter>
    </ClCompile>
    <ClCompile Include="src\io\AssetFileWriter.cpp">
      <Filter>Source Files\Frontend\IO\Assets</Filter>
    </ClCompile>
    <ClCompile Include="src\io\AssetManager.cpp">
      <Filter>Source Files\Frontend\IO\Assets</Filter>
    </ClCompile>
    <ClCompile Include="src\io\ContentManager.cpp">
      <Filter>Source Files\Frontend\IO\Assets</Filter>
    </ClCompile>
    <ClCompile Include="src\io\Asset.cpp">
      <Filter>Source Files\Frontend\IO\Assets</Filter>
    </ClCompile>
    <ClCompile Include="src\io\IniFile.cpp">
      <Filter>Source Files\Frontend\IO\Serialization</Filter>
    </ClCompile>
    <ClCompile Include="src\io\XmlReader.cpp">
      <Filter>Source Files\Frontend\IO\Serialization</Filter>
    </ClCompile>
    <ClCompile Include="src\io\XmlWriter.cpp">
      <Filter>Source Files\Frontend\IO\Serialization</Filter>
    </ClCompile>
    <ClCompile Include="src\io\FileStream.cpp">
      <Filter>Source Files\Frontend\IO</Filter>
    </ClCompile>
    <ClCompile Include="src\io\FileUtility.cpp">
      <Filter>Source Files\Frontend\IO</Filter>
    </ClCompile>
    <ClCompile Include="src\user\Security.cpp">
      <Filter>Source Files\Frontend\User</Filter>
    </ClCompile>
    <ClCompile Include="src\user\UserManager.cpp">
      <Filter>Source Files\Frontend\User</Filter>
    </ClCompile>
    <ClCompile Include="src\user\UserSettings.cpp">
      <Filter>Source Files\Frontend\User</Filter>
    </ClCompile>
    <ClCompile Include="src\user\ProfileDatabase.cpp">
      <Filter>Source Files\Frontend\User</Filter>
    </ClCompile>
    <ClCompile Include="src\data\Character.cpp">
      <Filter>Source Files\Frontend\IO\Data</Filter>
    </ClCompile>
    <ClCompile Include="src\data\CharacterGender.cpp">
      <Filter>Source Files\Frontend\IO\Data</Filter>
    </ClCompile>
    <ClCompile Include="src\data\ModelSettings.cpp">
      <Filter>Source Files\Frontend\IO\Data</Filter>
    </ClCompile>
    <ClCompile Include="src\data\Scenario.cpp">
      <Filter>Source Files\Frontend\IO\Data</Filter>
    </ClCompile>
    <ClCompile Include="src\data\TavernCardV2.cpp">
      <Filter>Source Files\Frontend\IO\Data</Filter>
    </ClCompile>
    <ClCompile Include="src\util\Handle.cpp">
      <Filter>Source Files\Utility</Filter>
    </ClCompile>
    <ClCompile Include="src\text\Context.cpp">
      <Filter>Source Files\Chat\Text</Filter>
    </ClCompile>
    <ClCompile Include="src\text\ConditionNode.cpp">
      <Filter>Source Files\Chat\Text</Filter>
    </ClCompile>
    <ClCompile Include="src\text\ConditionParser.cpp">
      <Filter>Source Files\Chat\Text</Filter>
    </ClCompile>
    <ClCompile Include="src\text\Condition.cpp">
      <Filter>Source Files\Chat\Text</Filter>
    </ClCompile>
    <ClCompile Include="src\chat\PromptScaffold.cpp">
      <Filter>Source Files\Chat</Filter>
    </ClCompile>
    <ClCompile Include="src\text\ContextLocator.cpp">
      <Filter>Source Files\Chat\Text</Filter>
    </ClCompile>
    <ClCompile Include="src\chat\PromptBuilder.cpp">
      <Filter>Source Files\Chat</Filter>
    </ClCompile>
    <ClCompile Include="src\text\MacroProvider.cpp">
      <Filter>Source Files\Chat\Text</Filter>
    </ClCompile>
    <ClCompile Include="src\chat\UserDefinedOptions.cpp">
      <Filter>Source Files\Chat</Filter>
    </ClCompile>
    <ClCompile Include="src\chat\MessagePoller.cpp">
      <Filter>Source Files\Chat</Filter>
    </ClCompile>
    <ClCompile Include="src\chat\ChatLogger.cpp">
      <Filter>Source Files\Chat</Filter>
    </ClCompile>
    <ClCompile Include="src\gui\ChatListingScreen.cpp">
      <Filter>Source Files\Frontend\GUI\Screens\ChatListing</Filter>
    </ClCompile>
    <ClCompile Include="src\gui\ChatScreen.cpp">
      <Filter>Source Files\Frontend\GUI\Screens\Chat</Filter>
    </ClCompile>
    <ClCompile Include="src\gui\ChatMessage.cpp">
      <Filter>Source Files\Frontend\GUI\Screens\Chat\Controls</Filter>
    </ClCompile>
    <ClCompile Include="src\gui\ChatScroll.cpp">
      <Filter>Source Files\Frontend\GUI\Screens\Chat\Controls</Filter>
    </ClCompile>
    <ClCompile Include="src\gui\VariableList.cpp">
      <Filter>Source Files\Frontend\GUI\Screens\Chat\Controls</Filter>
    </ClCompile>
    <ClCompile Include="src\gui\HomeScreen.cpp">
      <Filter>Source Files\Frontend\GUI\Screens\Home</Filter>
    </ClCompile>
    <ClCompile Include="src\gui\CardImage.cpp">
      <Filter>Source Files\Frontend\GUI\Screens\Home\Controls</Filter>
    </ClCompile>
    <ClCompile Include="src\gui\CharacterCard.cpp">
      <Filter>Source Files\Frontend\GUI\Screens\Home\Controls</Filter>
    </ClCompile>
    <ClCompile Include="src\gui\CoverCard.cpp">
      <Filter>Source Files\Frontend\GUI\Screens\Home\Controls</Filter>
    </ClCompile>
    <ClCompile Include="src\gui\ScenarioCard.cpp">
      <Filter>Source Files\Frontend\GUI\Screens\Home\Controls</Filter>
    </ClCompile>
    <ClCompile Include="src\gui\CardList.cpp">
      <Filter>Source Files\Frontend\GUI\Screens\Home\Controls</Filter>
    </ClCompile>
    <ClCompile Include="src\gui\ChatList.cpp">
      <Filter>Source Files\Frontend\GUI\Screens\ChatListing\Controls</Filter>
    </ClCompile>
    <ClCompile Include="src\gui\ChatListItem.cpp">
      <Filter>Source Files\Frontend\GUI\Screens\ChatListing\Controls</Filter>
    </ClCompile>
    <ClCompile Include="src\util\Timestamp.cpp">
      <Filter>Source Files\Utility</Filter>
    </ClCompile>
    <ClCompile Include="src\io\ContentTypes.cpp">
      <Filter>Source Files\Frontend\IO\Assets</Filter>
    </ClCompile>
    <ClCompile Include="src\data\ContentMetaData.cpp">
      <Filter>Source Files\Frontend\IO\Assets</Filter>
    </ClCompile>
    <ClCompile Include="src\io\ContentUserSettings.cpp">
      <Filter>Source Files\Frontend\IO\Assets</Filter>
    </ClCompile>
    <ClCompile Include="src\data\ChatLog.cpp">
      <Filter>Source Files\Frontend\IO\Data</Filter>
    </ClCompile>
    <ClCompile Include="src\gui\InfoPanel.cpp">
      <Filter>Source Files\Frontend\GUI\Screens\Chat\Controls</Filter>
    </ClCompile>
    <ClCompile Include="src\gui\ImageViewport.cpp">
      <Filter>Source Files\Frontend\GUI\Screens\Chat\Controls</Filter>
    </ClCompile>
    <ClCompile Include="src\gui\ChatBackground.cpp">
      <Filter>Source Files\Frontend\GUI\Screens\Chat\Controls</Filter>
    </ClCompile>
    <ClCompile Include="src\gui\RenderTargetControl.cpp">
      <Filter>Source Files\Frontend\GUI\Controls\Primitives</Filter>
    </ClCompile>
    <ClCompile Include="src\gui\ResizeHandle.cpp">
      <Filter>Source Files\Frontend\GUI\Controls\Primitives</Filter>
    </ClCompile>
    <ClCompile Include="src\gui\CharacterDetailsPanel.cpp">
      <Filter>Source Files\Frontend\GUI\Screens\Chat\Controls</Filter>
    </ClCompile>
    <ClCompile Include="src\gui\BoxSizer.cpp">
      <Filter>Source Files\Frontend\GUI\Layout\Sizers</Filter>
    </ClCompile>
    <ClCompile Include="src\io\SettingsCollection.cpp">
      <Filter>Source Files\Frontend\IO</Filter>
    </ClCompile>
    <ClCompile Include="src\io\SQLTransaction.cpp">
      <Filter>Source Files\Frontend\IO\Assets</Filter>
    </ClCompile>
    <ClCompile Include="src\text\TextEvaluator.cpp">
      <Filter>Source Files\Chat\Text</Filter>
    </ClCompile>
    <ClCompile Include="src\gui\Slider.cpp">
      <Filter>Source Files\Frontend\GUI</Filter>
    </ClCompile>
    <ClCompile Include="src\gui\FillParentSizer.cpp">
      <Filter>Source Files\Frontend\GUI\Layout\Sizers</Filter>
    </ClCompile>
    <ClCompile Include="src\gui\BehindChat.cpp">
      <Filter>Source Files\Frontend\GUI\Controls</Filter>
    </ClCompile>
    <ClCompile Include="src\gui\EditorScreen.cpp">
      <Filter>Source Files\Frontend\GUI\Screens</Filter>
    </ClCompile>
    <ClCompile Include="src\gui\CharacterEditor.cpp">
      <Filter>Source Files\Frontend\GUI\Screens\Editors</Filter>
    </ClCompile>
    <ClCompile Include="src\gui\EditorFields.cpp">
      <Filter>Source Files\Frontend\GUI\Screens\Editors</Filter>
    </ClCompile>
    <ClCompile Include="src\gui\ValueBinding.cpp">
      <Filter>Source Files\Frontend\GUI\Screens\Editors</Filter>
    </ClCompile>
    <ClCompile Include="src\gui\Editor.cpp">
      <Filter>Source Files\Frontend\GUI\Screens\Editors</Filter>
    </ClCompile>
    <ClCompile Include="src\tts\TTSBackend.cpp">
      <Filter>Source Files\Backend\TTS</Filter>
    </ClCompile>
    <ClCompile Include="src\audio\AudioManager.cpp">
      <Filter>Source Files\Frontend\Audio</Filter>
    </ClCompile>
    <ClCompile Include="src\gui\VoiceEditor.cpp">
      <Filter>Source Files\Frontend\GUI\Screens\Editors</Filter>
    </ClCompile>
    <ClCompile Include="src\tts\AudioResultQueue.cpp">
      <Filter>Source Files\Backend\TTS\AudioServer</Filter>
    </ClCompile>
    <ClCompile Include="src\tts\AudioServerConfiguration.cpp">
      <Filter>Source Files\Backend\TTS\AudioServer</Filter>
    </ClCompile>
    <ClCompile Include="src\tts\AudioServerProcess_SDL.cpp">
      <Filter>Source Files\Backend\TTS\AudioServer</Filter>
    </ClCompile>
    <ClCompile Include="src\tts\AudioServerProcess_Win32.cpp">
      <Filter>Source Files\Backend\TTS\AudioServer</Filter>
    </ClCompile>
    <ClCompile Include="src\tts\HttpClient_Win32.cpp">
      <Filter>Source Files\Backend\TTS\AudioServer</Filter>
    </ClCompile>
    <ClCompile Include="src\gui\TopBar.cpp">
      <Filter>Source Files\Frontend\GUI\Controls</Filter>
    </ClCompile>
    <ClCompile Include="src\gui\TextBox.cpp">
      <Filter>Source Files\Frontend\GUI\Controls\Primitives</Filter>
    </ClCompile>
    <ClCompile Include="src\gui\ButtonWithIcon.cpp">
      <Filter>Source Files\Frontend\GUI\Controls\Primitives</Filter>
    </ClCompile>
    <ClCompile Include="src\gui\ButtonWithLabel.cpp">
      <Filter>Source Files\Frontend\GUI\Controls\Primitives</Filter>
    </ClCompile>
    <ClCompile Include="src\gui\ButtonWithLabelAndIcon.cpp">
      <Filter>Source Files\Frontend\GUI\Controls\Primitives</Filter>
    </ClCompile>
    <ClCompile Include="src\gui\ThemedButton.cpp">
      <Filter>Source Files\Frontend\GUI\Controls\Primitives</Filter>
    </ClCompile>
    <ClCompile Include="src\gui\ToggleWithIcon.cpp">
      <Filter>Source Files\Frontend\GUI\Controls\Primitives</Filter>
    </ClCompile>
    <ClCompile Include="src\gui\ToggleWithLabel.cpp">
      <Filter>Source Files\Frontend\GUI\Controls\Primitives</Filter>
    </ClCompile>
    <ClCompile Include="src\gui\MouseEventHandler.cpp">
      <Filter>Source Files\Frontend\GUI\Utility</Filter>
    </ClCompile>
    <ClCompile Include="src\gui\DropList.cpp">
      <Filter>Source Files\Frontend\GUI\Controls\Primitives</Filter>
    </ClCompile>
  </ItemGroup>
  <ItemGroup>
    <ClInclude Include="include\gui\LayoutElement.h">
      <Filter>Source Files\Frontend\GUI\Layout</Filter>
    </ClInclude>
    <ClInclude Include="include\util\StringUtils.h">
      <Filter>Source Files\Utility</Filter>
    </ClInclude>
    <ClInclude Include="include\util\CommonUtils.h">
      <Filter>Source Files\Utility</Filter>
    </ClInclude>
    <ClInclude Include="include\gui\StatusBar.h">
      <Filter>Source Files\Frontend\GUI\Controls</Filter>
    </ClInclude>
    <ClInclude Include="include\gui\Frame.h">
      <Filter>Source Files\Frontend\GUI\Frames</Filter>
    </ClInclude>
    <ClInclude Include="include\gui\AppResources.h">
      <Filter>Source Files\Frontend\GUI\Resources</Filter>
    </ClInclude>
    <ClInclude Include="include\llm\LLMTypes.h">
      <Filter>Source Files\Backend\LLM</Filter>
    </ClInclude>
    <ClInclude Include="include\llm\LLMEmbedding.h">
      <Filter>Source Files\Backend\LLM\Embeddings</Filter>
    </ClInclude>
    <ClInclude Include="include\llm\Embedding.h">
      <Filter>Source Files\Backend\LLM\Embeddings</Filter>
    </ClInclude>
    <ClInclude Include="include\llm\LLMStateVariables.h">
      <Filter>Source Files\Backend\LLM\Context</Filter>
    </ClInclude>
    <ClInclude Include="include\llm\LLMContext.h">
      <Filter>Source Files\Backend\LLM\Context</Filter>
    </ClInclude>
    <ClInclude Include="include\llm\ContextCache.h">
      <Filter>Source Files\Backend\LLM\Context</Filter>
    </ClInclude>
    <ClInclude Include="include\llm\ContextBlock.h">
      <Filter>Source Files\Backend\LLM\Context</Filter>
    </ClInclude>
    <ClInclude Include="include\util\EnumFlags.h">
      <Filter>Source Files\Utility</Filter>
    </ClInclude>
    <ClInclude Include="include\llm\ModelState.h">
      <Filter>Source Files\Backend\LLM</Filter>
    </ClInclude>
    <ClInclude Include="include\util\Lockable.h">
      <Filter>Source Files\Utility</Filter>
    </ClInclude>
    <ClInclude Include="include\llm\LLMBackend.h">
      <Filter>Source Files\Backend\LLM</Filter>
    </ClInclude>
    <ClInclude Include="include\llm\LLMInstance.h">
      <Filter>Source Files\Backend\LLM</Filter>
    </ClInclude>
    <ClInclude Include="..\Libraries\AES\include\AES.h">
      <Filter>Source Files\Third-party\AES</Filter>
    </ClInclude>
    <ClInclude Include="..\Libraries\SHA256\include\sha256.h">
      <Filter>Source Files\Third-party\SHA256</Filter>
    </ClInclude>
    <ClInclude Include="..\Libraries\SQLite3\include\sqlite3.h">
      <Filter>Source Files\Third-party\SQLiteCpp</Filter>
    </ClInclude>
    <ClInclude Include="..\Libraries\tinyxml2\include\tinyxml2.h">
      <Filter>Source Files\Third-party\tinyxml2</Filter>
    </ClInclude>
    <ClInclude Include="..\Libraries\uuid_v4\include\endianness.h">
      <Filter>Source Files\Third-party\uuid</Filter>
    </ClInclude>
    <ClInclude Include="..\Libraries\uuid_v4\include\uuid_v4.h">
      <Filter>Source Files\Third-party\uuid</Filter>
    </ClInclude>
    <ClInclude Include="..\Libraries\base64\include\base64.h">
      <Filter>Source Files\Third-party\base64</Filter>
    </ClInclude>
    <ClInclude Include="..\Libraries\SDL3_ttf\include\SDL3_ttf\SDL_textengine.h">
      <Filter>Source Files\Third-party\SDL3_ttf</Filter>
    </ClInclude>
    <ClInclude Include="..\Libraries\SDL3_ttf\include\SDL3_ttf\SDL_ttf.h">
      <Filter>Source Files\Third-party\SDL3_ttf</Filter>
    </ClInclude>
    <ClInclude Include="..\Libraries\SDL_image\include\SDL3_image\SDL_image.h">
      <Filter>Source Files\Third-party\SDL3_image</Filter>
    </ClInclude>
    <ClInclude Include="..\Libraries\DanielaE\include\c_resource.h">
      <Filter>Source Files\Third-party\DainelaE</Filter>
    </ClInclude>
    <ClInclude Include="include\gui\Window.h">
      <Filter>Source Files\Frontend\GUI\Frames</Filter>
    </ClInclude>
    <ClInclude Include="include\gui\Fonts.h">
      <Filter>Source Files\Frontend\GUI\Resources</Filter>
    </ClInclude>
    <ClInclude Include="include\gui\GUICommon.h">
      <Filter>Source Files\Frontend\GUI</Filter>
    </ClInclude>
    <ClInclude Include="include\gui\GUIColor.h">
      <Filter>Source Files\Frontend\GUI\Utility</Filter>
    </ClInclude>
    <ClInclude Include="include\gui\GUITypes.h">
      <Filter>Source Files\Frontend\GUI\Utility</Filter>
    </ClInclude>
    <ClInclude Include="include\gui\GUIUtility.h">
      <Filter>Source Files\Frontend\GUI\Utility</Filter>
    </ClInclude>
    <ClInclude Include="include\pch.h">
      <Filter>Source Files</Filter>
    </ClInclude>
    <ClInclude Include="include\gui\Area.h">
      <Filter>Source Files\Frontend\GUI\Controls\Primitives</Filter>
    </ClInclude>
    <ClInclude Include="include\gui\Control.h">
      <Filter>Source Files\Frontend\GUI\Controls\Primitives</Filter>
    </ClInclude>
    <ClInclude Include="include\gui\Primitives.h">
      <Filter>Source Files\Frontend\GUI\Controls\Primitives</Filter>
    </ClInclude>
    <ClInclude Include="include\gui\Image.h">
      <Filter>Source Files\Frontend\GUI\Controls\Primitives</Filter>
    </ClInclude>
    <ClInclude Include="include\gui\Panel.h">
      <Filter>Source Files\Frontend\GUI\Controls\Primitives</Filter>
    </ClInclude>
    <ClInclude Include="include\gui\StaticText.h">
      <Filter>Source Files\Frontend\GUI\Controls\Primitives</Filter>
    </ClInclude>
    <ClInclude Include="include\gui\TextInput.h">
      <Filter>Source Files\Frontend\GUI\Controls\Primitives</Filter>
    </ClInclude>
    <ClInclude Include="include\gui\VerticalGradient.h">
      <Filter>Source Files\Frontend\GUI\Controls\Primitives</Filter>
    </ClInclude>
    <ClInclude Include="include\gui\HorizontalGradient.h">
      <Filter>Source Files\Frontend\GUI\Controls\Primitives</Filter>
    </ClInclude>
    <ClInclude Include="include\util\UndoStack.h">
      <Filter>Source Files\Utility</Filter>
    </ClInclude>
    <ClInclude Include="include\llm\LlamaApi.h">
      <Filter>Source Files\Backend\LLM</Filter>
    </ClInclude>
    <ClInclude Include="include\llm\ContextCursor.h">
      <Filter>Source Files\Backend\LLM\Context</Filter>
    </ClInclude>
    <ClInclude Include="..\Libraries\llama.cpp\b5237\include\llama-cpp.h">
      <Filter>Source Files\Third-party\llamacpp</Filter>
    </ClInclude>
    <ClInclude Include="..\Libraries\llama.cpp\b5237\include\llama.h">
      <Filter>Source Files\Third-party\llamacpp</Filter>
    </ClInclude>
    <ClInclude Include="..\Libraries\SDL3\3.2.30\include\SDL3\SDL.h">
      <Filter>Source Files\Third-party\SDL3</Filter>
    </ClInclude>
    <ClInclude Include="..\Libraries\SDL3\3.2.30\include\SDL3\SDL_assert.h">
      <Filter>Source Files\Third-party\SDL3</Filter>
    </ClInclude>
    <ClInclude Include="..\Libraries\SDL3\3.2.30\include\SDL3\SDL_asyncio.h">
      <Filter>Source Files\Third-party\SDL3</Filter>
    </ClInclude>
    <ClInclude Include="..\Libraries\SDL3\3.2.30\include\SDL3\SDL_atomic.h">
      <Filter>Source Files\Third-party\SDL3</Filter>
    </ClInclude>
    <ClInclude Include="..\Libraries\SDL3\3.2.30\include\SDL3\SDL_audio.h">
      <Filter>Source Files\Third-party\SDL3</Filter>
    </ClInclude>
    <ClInclude Include="..\Libraries\SDL3\3.2.30\include\SDL3\SDL_begin_code.h">
      <Filter>Source Files\Third-party\SDL3</Filter>
    </ClInclude>
    <ClInclude Include="..\Libraries\SDL3\3.2.30\include\SDL3\SDL_bits.h">
      <Filter>Source Files\Third-party\SDL3</Filter>
    </ClInclude>
    <ClInclude Include="..\Libraries\SDL3\3.2.30\include\SDL3\SDL_blendmode.h">
      <Filter>Source Files\Third-party\SDL3</Filter>
    </ClInclude>
    <ClInclude Include="..\Libraries\SDL3\3.2.30\include\SDL3\SDL_camera.h">
      <Filter>Source Files\Third-party\SDL3</Filter>
    </ClInclude>
    <ClInclude Include="..\Libraries\SDL3\3.2.30\include\SDL3\SDL_clipboard.h">
      <Filter>Source Files\Third-party\SDL3</Filter>
    </ClInclude>
    <ClInclude Include="..\Libraries\SDL3\3.2.30\include\SDL3\SDL_close_code.h">
      <Filter>Source Files\Third-party\SDL3</Filter>
    </ClInclude>
    <ClInclude Include="..\Libraries\SDL3\3.2.30\include\SDL3\SDL_copying.h">
      <Filter>Source Files\Third-party\SDL3</Filter>
    </ClInclude>
    <ClInclude Include="..\Libraries\SDL3\3.2.30\include\SDL3\SDL_cpuinfo.h">
      <Filter>Source Files\Third-party\SDL3</Filter>
    </ClInclude>
    <ClInclude Include="..\Libraries\SDL3\3.2.30\include\SDL3\SDL_dialog.h">
      <Filter>Source Files\Third-party\SDL3</Filter>
    </ClInclude>
    <ClInclude Include="..\Libraries\SDL3\3.2.30\include\SDL3\SDL_egl.h">
      <Filter>Source Files\Third-party\SDL3</Filter>
    </ClInclude>
    <ClInclude Include="..\Libraries\SDL3\3.2.30\include\SDL3\SDL_endian.h">
      <Filter>Source Files\Third-party\SDL3</Filter>
    </ClInclude>
    <ClInclude Include="..\Libraries\SDL3\3.2.30\include\SDL3\SDL_error.h">
      <Filter>Source Files\Third-party\SDL3</Filter>
    </ClInclude>
    <ClInclude Include="..\Libraries\SDL3\3.2.30\include\SDL3\SDL_events.h">
      <Filter>Source Files\Third-party\SDL3</Filter>
    </ClInclude>
    <ClInclude Include="..\Libraries\SDL3\3.2.30\include\SDL3\SDL_filesystem.h">
      <Filter>Source Files\Third-party\SDL3</Filter>
    </ClInclude>
    <ClInclude Include="..\Libraries\SDL3\3.2.30\include\SDL3\SDL_gamepad.h">
      <Filter>Source Files\Third-party\SDL3</Filter>
    </ClInclude>
    <ClInclude Include="..\Libraries\SDL3\3.2.30\include\SDL3\SDL_gpu.h">
      <Filter>Source Files\Third-party\SDL3</Filter>
    </ClInclude>
    <ClInclude Include="..\Libraries\SDL3\3.2.30\include\SDL3\SDL_guid.h">
      <Filter>Source Files\Third-party\SDL3</Filter>
    </ClInclude>
    <ClInclude Include="..\Libraries\SDL3\3.2.30\include\SDL3\SDL_haptic.h">
      <Filter>Source Files\Third-party\SDL3</Filter>
    </ClInclude>
    <ClInclude Include="..\Libraries\SDL3\3.2.30\include\SDL3\SDL_hidapi.h">
      <Filter>Source Files\Third-party\SDL3</Filter>
    </ClInclude>
    <ClInclude Include="..\Libraries\SDL3\3.2.30\include\SDL3\SDL_hints.h">
      <Filter>Source Files\Third-party\SDL3</Filter>
    </ClInclude>
    <ClInclude Include="..\Libraries\SDL3\3.2.30\include\SDL3\SDL_init.h">
      <Filter>Source Files\Third-party\SDL3</Filter>
    </ClInclude>
    <ClInclude Include="..\Libraries\SDL3\3.2.30\include\SDL3\SDL_intrin.h">
      <Filter>Source Files\Third-party\SDL3</Filter>
    </ClInclude>
    <ClInclude Include="..\Libraries\SDL3\3.2.30\include\SDL3\SDL_iostream.h">
      <Filter>Source Files\Third-party\SDL3</Filter>
    </ClInclude>
    <ClInclude Include="..\Libraries\SDL3\3.2.30\include\SDL3\SDL_joystick.h">
      <Filter>Source Files\Third-party\SDL3</Filter>
    </ClInclude>
    <ClInclude Include="..\Libraries\SDL3\3.2.30\include\SDL3\SDL_keyboard.h">
      <Filter>Source Files\Third-party\SDL3</Filter>
    </ClInclude>
    <ClInclude Include="..\Libraries\SDL3\3.2.30\include\SDL3\SDL_keycode.h">
      <Filter>Source Files\Third-party\SDL3</Filter>
    </ClInclude>
    <ClInclude Include="..\Libraries\SDL3\3.2.30\include\SDL3\SDL_loadso.h">
      <Filter>Source Files\Third-party\SDL3</Filter>
    </ClInclude>
    <ClInclude Include="..\Libraries\SDL3\3.2.30\include\SDL3\SDL_locale.h">
      <Filter>Source Files\Third-party\SDL3</Filter>
    </ClInclude>
    <ClInclude Include="..\Libraries\SDL3\3.2.30\include\SDL3\SDL_log.h">
      <Filter>Source Files\Third-party\SDL3</Filter>
    </ClInclude>
    <ClInclude Include="..\Libraries\SDL3\3.2.30\include\SDL3\SDL_main.h">
      <Filter>Source Files\Third-party\SDL3</Filter>
    </ClInclude>
    <ClInclude Include="..\Libraries\SDL3\3.2.30\include\SDL3\SDL_main_impl.h">
      <Filter>Source Files\Third-party\SDL3</Filter>
    </ClInclude>
    <ClInclude Include="..\Libraries\SDL3\3.2.30\include\SDL3\SDL_messagebox.h">
      <Filter>Source Files\Third-party\SDL3</Filter>
    </ClInclude>
    <ClInclude Include="..\Libraries\SDL3\3.2.30\include\SDL3\SDL_metal.h">
      <Filter>Source Files\Third-party\SDL3</Filter>
    </ClInclude>
    <ClInclude Include="..\Libraries\SDL3\3.2.30\include\SDL3\SDL_misc.h">
      <Filter>Source Files\Third-party\SDL3</Filter>
    </ClInclude>
    <ClInclude Include="..\Libraries\SDL3\3.2.30\include\SDL3\SDL_mouse.h">
      <Filter>Source Files\Third-party\SDL3</Filter>
    </ClInclude>
    <ClInclude Include="..\Libraries\SDL3\3.2.30\include\SDL3\SDL_mutex.h">
      <Filter>Source Files\Third-party\SDL3</Filter>
    </ClInclude>
    <ClInclude Include="..\Libraries\SDL3\3.2.30\include\SDL3\SDL_oldnames.h">
      <Filter>Source Files\Third-party\SDL3</Filter>
    </ClInclude>
    <ClInclude Include="..\Libraries\SDL3\3.2.30\include\SDL3\SDL_opengl.h">
      <Filter>Source Files\Third-party\SDL3</Filter>
    </ClInclude>
    <ClInclude Include="..\Libraries\SDL3\3.2.30\include\SDL3\SDL_opengl_glext.h">
      <Filter>Source Files\Third-party\SDL3</Filter>
    </ClInclude>
    <ClInclude Include="..\Libraries\SDL3\3.2.30\include\SDL3\SDL_opengles.h">
      <Filter>Source Files\Third-party\SDL3</Filter>
    </ClInclude>
    <ClInclude Include="..\Libraries\SDL3\3.2.30\include\SDL3\SDL_opengles2.h">
      <Filter>Source Files\Third-party\SDL3</Filter>
    </ClInclude>
    <ClInclude Include="..\Libraries\SDL3\3.2.30\include\SDL3\SDL_opengles2_gl2.h">
      <Filter>Source Files\Third-party\SDL3</Filter>
    </ClInclude>
    <ClInclude Include="..\Libraries\SDL3\3.2.30\include\SDL3\SDL_opengles2_gl2ext.h">
      <Filter>Source Files\Third-party\SDL3</Filter>
    </ClInclude>
    <ClInclude Include="..\Libraries\SDL3\3.2.30\include\SDL3\SDL_opengles2_gl2platform.h">
      <Filter>Source Files\Third-party\SDL3</Filter>
    </ClInclude>
    <ClInclude Include="..\Libraries\SDL3\3.2.30\include\SDL3\SDL_opengles2_khrplatform.h">
      <Filter>Source Files\Third-party\SDL3</Filter>
    </ClInclude>
    <ClInclude Include="..\Libraries\SDL3\3.2.30\include\SDL3\SDL_pen.h">
      <Filter>Source Files\Third-party\SDL3</Filter>
    </ClInclude>
    <ClInclude Include="..\Libraries\SDL3\3.2.30\include\SDL3\SDL_pixels.h">
      <Filter>Source Files\Third-party\SDL3</Filter>
    </ClInclude>
    <ClInclude Include="..\Libraries\SDL3\3.2.30\include\SDL3\SDL_platform.h">
      <Filter>Source Files\Third-party\SDL3</Filter>
    </ClInclude>
    <ClInclude Include="..\Libraries\SDL3\3.2.30\include\SDL3\SDL_platform_defines.h">
      <Filter>Source Files\Third-party\SDL3</Filter>
    </ClInclude>
    <ClInclude Include="..\Libraries\SDL3\3.2.30\include\SDL3\SDL_power.h">
      <Filter>Source Files\Third-party\SDL3</Filter>
    </ClInclude>
    <ClInclude Include="..\Libraries\SDL3\3.2.30\include\SDL3\SDL_process.h">
      <Filter>Source Files\Third-party\SDL3</Filter>
    </ClInclude>
    <ClInclude Include="..\Libraries\SDL3\3.2.30\include\SDL3\SDL_properties.h">
      <Filter>Source Files\Third-party\SDL3</Filter>
    </ClInclude>
    <ClInclude Include="..\Libraries\SDL3\3.2.30\include\SDL3\SDL_rect.h">
      <Filter>Source Files\Third-party\SDL3</Filter>
    </ClInclude>
    <ClInclude Include="..\Libraries\SDL3\3.2.30\include\SDL3\SDL_render.h">
      <Filter>Source Files\Third-party\SDL3</Filter>
    </ClInclude>
    <ClInclude Include="..\Libraries\SDL3\3.2.30\include\SDL3\SDL_revision.h">
      <Filter>Source Files\Third-party\SDL3</Filter>
    </ClInclude>
    <ClInclude Include="..\Libraries\SDL3\3.2.30\include\SDL3\SDL_scancode.h">
      <Filter>Source Files\Third-party\SDL3</Filter>
    </ClInclude>
    <ClInclude Include="..\Libraries\SDL3\3.2.30\include\SDL3\SDL_sensor.h">
      <Filter>Source Files\Third-party\SDL3</Filter>
    </ClInclude>
    <ClInclude Include="..\Libraries\SDL3\3.2.30\include\SDL3\SDL_stdinc.h">
      <Filter>Source Files\Third-party\SDL3</Filter>
    </ClInclude>
    <ClInclude Include="..\Libraries\SDL3\3.2.30\include\SDL3\SDL_storage.h">
      <Filter>Source Files\Third-party\SDL3</Filter>
    </ClInclude>
    <ClInclude Include="..\Libraries\SDL3\3.2.30\include\SDL3\SDL_surface.h">
      <Filter>Source Files\Third-party\SDL3</Filter>
    </ClInclude>
    <ClInclude Include="..\Libraries\SDL3\3.2.30\include\SDL3\SDL_system.h">
      <Filter>Source Files\Third-party\SDL3</Filter>
    </ClInclude>
    <ClInclude Include="..\Libraries\SDL3\3.2.30\include\SDL3\SDL_test.h">
      <Filter>Source Files\Third-party\SDL3</Filter>
    </ClInclude>
    <ClInclude Include="..\Libraries\SDL3\3.2.30\include\SDL3\SDL_test_assert.h">
      <Filter>Source Files\Third-party\SDL3</Filter>
    </ClInclude>
    <ClInclude Include="..\Libraries\SDL3\3.2.30\include\SDL3\SDL_test_common.h">
      <Filter>Source Files\Third-party\SDL3</Filter>
    </ClInclude>
    <ClInclude Include="..\Libraries\SDL3\3.2.30\include\SDL3\SDL_test_compare.h">
      <Filter>Source Files\Third-party\SDL3</Filter>
    </ClInclude>
    <ClInclude Include="..\Libraries\SDL3\3.2.30\include\SDL3\SDL_test_crc32.h">
      <Filter>Source Files\Third-party\SDL3</Filter>
    </ClInclude>
    <ClInclude Include="..\Libraries\SDL3\3.2.30\include\SDL3\SDL_test_font.h">
      <Filter>Source Files\Third-party\SDL3</Filter>
    </ClInclude>
    <ClInclude Include="..\Libraries\SDL3\3.2.30\include\SDL3\SDL_test_fuzzer.h">
      <Filter>Source Files\Third-party\SDL3</Filter>
    </ClInclude>
    <ClInclude Include="..\Libraries\SDL3\3.2.30\include\SDL3\SDL_test_harness.h">
      <Filter>Source Files\Third-party\SDL3</Filter>
    </ClInclude>
    <ClInclude Include="..\Libraries\SDL3\3.2.30\include\SDL3\SDL_test_log.h">
      <Filter>Source Files\Third-party\SDL3</Filter>
    </ClInclude>
    <ClInclude Include="..\Libraries\SDL3\3.2.30\include\SDL3\SDL_test_md5.h">
      <Filter>Source Files\Third-party\SDL3</Filter>
    </ClInclude>
    <ClInclude Include="..\Libraries\SDL3\3.2.30\include\SDL3\SDL_test_memory.h">
      <Filter>Source Files\Third-party\SDL3</Filter>
    </ClInclude>
    <ClInclude Include="..\Libraries\SDL3\3.2.30\include\SDL3\SDL_thread.h">
      <Filter>Source Files\Third-party\SDL3</Filter>
    </ClInclude>
    <ClInclude Include="..\Libraries\SDL3\3.2.30\include\SDL3\SDL_time.h">
      <Filter>Source Files\Third-party\SDL3</Filter>
    </ClInclude>
    <ClInclude Include="..\Libraries\SDL3\3.2.30\include\SDL3\SDL_timer.h">
      <Filter>Source Files\Third-party\SDL3</Filter>
    </ClInclude>
    <ClInclude Include="..\Libraries\SDL3\3.2.30\include\SDL3\SDL_touch.h">
      <Filter>Source Files\Third-party\SDL3</Filter>
    </ClInclude>
    <ClInclude Include="..\Libraries\SDL3\3.2.30\include\SDL3\SDL_tray.h">
      <Filter>Source Files\Third-party\SDL3</Filter>
    </ClInclude>
    <ClInclude Include="..\Libraries\SDL3\3.2.30\include\SDL3\SDL_version.h">
      <Filter>Source Files\Third-party\SDL3</Filter>
    </ClInclude>
    <ClInclude Include="..\Libraries\SDL3\3.2.30\include\SDL3\SDL_video.h">
      <Filter>Source Files\Third-party\SDL3</Filter>
    </ClInclude>
    <ClInclude Include="..\Libraries\SDL3\3.2.30\include\SDL3\SDL_vulkan.h">
      <Filter>Source Files\Third-party\SDL3</Filter>
    </ClInclude>
    <ClInclude Include="include\gui\Screen.h">
      <Filter>Source Files\Frontend\GUI\Screens</Filter>
    </ClInclude>
    <ClInclude Include="include\gui\MainFrame.h">
      <Filter>Source Files\Frontend\GUI\Frames</Filter>
    </ClInclude>
    <ClInclude Include="include\gui\TexturedBorder.h">
      <Filter>Source Files\Frontend\GUI\Controls\Primitives</Filter>
    </ClInclude>
    <ClInclude Include="include\llm\LLMUtility.h">
      <Filter>Source Files\Backend\LLM\Utility</Filter>
    </ClInclude>
    <ClInclude Include="include\llm\LLMStatus.h">
      <Filter>Source Files\Backend\LLM\Utility</Filter>
    </ClInclude>
    <ClInclude Include="include\llm\Grammar.h">
      <Filter>Source Files\Backend\LLM\Utility</Filter>
    </ClInclude>
    <ClInclude Include="include\llm\PromptTemplateTypes.h">
      <Filter>Source Files\Backend\LLM</Filter>
    </ClInclude>
    <ClInclude Include="include\gui\NineGridImage.h">
      <Filter>Source Files\Frontend\GUI\Controls\Primitives</Filter>
    </ClInclude>
    <ClInclude Include="include\gui\ScrollPanel.h">
      <Filter>Source Files\Frontend\GUI\Controls\Primitives</Filter>
    </ClInclude>
    <ClInclude Include="include\gui\SidePanel.h">
      <Filter>Source Files\Frontend\GUI\Screens</Filter>
    </ClInclude>
    <ClInclude Include="include\gui\RoundedBorder.h">
      <Filter>Source Files\Frontend\GUI\Controls\Primitives</Filter>
    </ClInclude>
    <ClInclude Include="..\Libraries\fast-crc32\include\crc32.h">
      <Filter>Source Files\Third-party\fast-crc32</Filter>
    </ClInclude>
    <ClInclude Include="..\Libraries\libspng\include\spng.h">
      <Filter>Source Files\Third-party\libspng</Filter>
    </ClInclude>
    <ClInclude Include="..\Libraries\miniz\include\miniz.h">
      <Filter>Source Files\Third-party\miniz</Filter>
    </ClInclude>
    <ClInclude Include="include\gui\GUIConstants.h">
      <Filter>Source Files\Frontend\GUI\Utility</Filter>
    </ClInclude>
    <ClInclude Include="include\gui\SearchBox.h">
      <Filter>Source Files\Frontend\GUI\Controls</Filter>
    </ClInclude>
    <ClInclude Include="include\gui\DebugScreen.h">
      <Filter>Source Files\Frontend\GUI\Screens</Filter>
    </ClInclude>
    <ClInclude Include="include\util\SearchIndex.h">
      <Filter>Source Files\Utility</Filter>
    </ClInclude>
    <ClInclude Include="include\gui\SidePanelButton.h">
      <Filter>Source Files\Frontend\GUI\Controls</Filter>
    </ClInclude>
    <ClInclude Include="include\gui\LoginScreen.h">
      <Filter>Source Files\Frontend\GUI\Screens</Filter>
    </ClInclude>
    <ClInclude Include="include\gui\PasswordBox.h">
      <Filter>Source Files\Frontend\GUI\Controls</Filter>
    </ClInclude>
    <ClInclude Include="include\gui\ImageWithMask.h">
      <Filter>Source Files\Frontend\GUI\Controls\Primitives</Filter>
    </ClInclude>
    <ClInclude Include="include\gui\UserProfileWidget.h">
      <Filter>Source Files\Frontend\GUI\Widgets</Filter>
    </ClInclude>
    <ClInclude Include="include\gui\GridSizer.h">
      <Filter>Source Files\Frontend\GUI\Layout\Sizers</Filter>
    </ClInclude>
    <ClInclude Include="include\gui\HorizontalSizer.h">
      <Filter>Source Files\Frontend\GUI\Layout\Sizers</Filter>
    </ClInclude>
    <ClInclude Include="include\gui\Sizer.h">
      <Filter>Source Files\Frontend\GUI\Layout\Sizers</Filter>
    </ClInclude>
    <ClInclude Include="include\gui\VerticalListSizer.h">
      <Filter>Source Files\Frontend\GUI\Layout\Sizers</Filter>
    </ClInclude>
    <ClInclude Include="include\gui\VerticalScrollSizer.h">
      <Filter>Source Files\Frontend\GUI\Layout\Sizers</Filter>
    </ClInclude>
    <ClInclude Include="include\gui\VerticalSizer.h">
      <Filter>Source Files\Frontend\GUI\Layout\Sizers</Filter>
    </ClInclude>
    <ClInclude Include="include\gui\CustomRenderer.h">
      <Filter>Source Files\Frontend\GUI\Renderers</Filter>
    </ClInclude>
    <ClInclude Include="include\gui\CustomRenderers.h">
      <Filter>Source Files\Frontend\GUI\Renderers</Filter>
    </ClInclude>
    <ClInclude Include="include\gui\TexturedBorderRenderer.h">
      <Filter>Source Files\Frontend\GUI\Renderers</Filter>
    </ClInclude>
    <ClInclude Include="include\gui\RoundedBorderRenderer.h">
      <Filter>Source Files\Frontend\GUI\Renderers</Filter>
    </ClInclude>
    <ClInclude Include="include\gui\RoundedFillRenderer.h">
      <Filter>Source Files\Frontend\GUI\Renderers</Filter>
    </ClInclude>
    <ClInclude Include="include\gui\SolidFillRenderer.h">
      <Filter>Source Files\Frontend\GUI\Renderers</Filter>
    </ClInclude>
    <ClInclude Include="include\gui\LineBorderRenderer.h">
      <Filter>Source Files\Frontend\GUI\Renderers</Filter>
    </ClInclude>
    <ClInclude Include="include\gui\Menu.h">
      <Filter>Source Files\Frontend\GUI\Controls\Primitives</Filter>
    </ClInclude>
    <ClInclude Include="include\gui\Overlay.h">
      <Filter>Source Files\Frontend\GUI\Controls\Primitives</Filter>
    </ClInclude>
    <ClInclude Include="include\gui\MenuSeparator.h">
      <Filter>Source Files\Frontend\GUI\Controls\Primitives</Filter>
    </ClInclude>
    <ClInclude Include="include\gui\VerticalScrollBar.h">
      <Filter>Source Files\Frontend\GUI\Controls\Primitives</Filter>
    </ClInclude>
    <ClInclude Include="include\gui\Events.h">
      <Filter>Source Files\Frontend\GUI</Filter>
    </ClInclude>
    <ClInclude Include="include\gui\KeyboardMods.h">
      <Filter>Source Files\Frontend\GUI\Utility</Filter>
    </ClInclude>
    <ClInclude Include="include\gui\LoadModelWidget.h">
      <Filter>Source Files\Frontend\GUI\Widgets</Filter>
    </ClInclude>
    <ClInclude Include="include\gui\PlayButton.h">
      <Filter>Source Files\Frontend\GUI\Controls</Filter>
    </ClInclude>
    <ClInclude Include="include\util\DebugUtils.h">
      <Filter>Source Files\Utility</Filter>
    </ClInclude>
    <ClInclude Include="include\llm\ContextSize.h">
      <Filter>Source Files\Backend\LLM</Filter>
    </ClInclude>
    <ClInclude Include="include\app\Constants.h">
      <Filter>Source Files\Application\Common</Filter>
    </ClInclude>
    <ClInclude Include="include\app\GlobalStrings.h">
      <Filter>Source Files\Application\Common</Filter>
    </ClInclude>
    <ClInclude Include="include\app\Types.h">
      <Filter>Source Files\Application\Common</Filter>
    </ClInclude>
    <ClInclude Include="include\util\Hash.h">
      <Filter>Source Files\Utility</Filter>
    </ClInclude>
    <ClInclude Include="include\app\AppSettings.h">
      <Filter>Source Files\Application</Filter>
    </ClInclude>
    <ClInclude Include="include\app\AppState.h">
      <Filter>Source Files\Application</Filter>
    </ClInclude>
    <ClInclude Include="include\Figment.h">
      <Filter>Source Files\Application\Common</Filter>
    </ClInclude>
    <ClInclude Include="include\chat\ChatCommandExecutor.h">
      <Filter>Source Files\Chat</Filter>
    </ClInclude>
    <ClInclude Include="include\chat\ChatCommands.h">
      <Filter>Source Files\Chat</Filter>
    </ClInclude>
    <ClInclude Include="include\chat\ChatOptions.h">
      <Filter>Source Files\Chat</Filter>
    </ClInclude>
    <ClInclude Include="include\chat\ChatSession.h">
      <Filter>Source Files\Chat</Filter>
    </ClInclude>
    <ClInclude Include="include\chat\ChatStaging.h">
      <Filter>Source Files\Chat</Filter>
    </ClInclude>
    <ClInclude Include="include\chat\ChatTypes.h">
      <Filter>Source Files\Chat</Filter>
    </ClInclude>
    <ClInclude Include="include\io\CardImporter.h">
      <Filter>Source Files\Frontend\IO\Import</Filter>
    </ClInclude>
    <ClInclude Include="include\io\IndexDatabase.h">
      <Filter>Source Files\Frontend\IO\Assets</Filter>
    </ClInclude>
    <ClInclude Include="include\io\AssetFileReader.h">
      <Filter>Source Files\Frontend\IO\Assets</Filter>
    </ClInclude>
    <ClInclude Include="include\io\AssetFileWriter.h">
      <Filter>Source Files\Frontend\IO\Assets</Filter>
    </ClInclude>
    <ClInclude Include="include\io\AssetManager.h">
      <Filter>Source Files\Frontend\IO\Assets</Filter>
    </ClInclude>
    <ClInclude Include="include\io\ContentManager.h">
      <Filter>Source Files\Frontend\IO\Assets</Filter>
    </ClInclude>
    <ClInclude Include="include\io\Asset.h">
      <Filter>Source Files\Frontend\IO\Assets</Filter>
    </ClInclude>
    <ClInclude Include="include\io\IniFile.h">
      <Filter>Source Files\Frontend\IO\Serialization</Filter>
    </ClInclude>
    <ClInclude Include="include\io\XmlData.h">
      <Filter>Source Files\Frontend\IO\Serialization</Filter>
    </ClInclude>
    <ClInclude Include="include\io\Serialization.h">
      <Filter>Source Files\Frontend\IO\Serialization</Filter>
    </ClInclude>
    <ClInclude Include="include\io\Xml.h">
      <Filter>Source Files\Frontend\IO\Serialization</Filter>
    </ClInclude>
    <ClInclude Include="include\io\XmlReader.h">
      <Filter>Source Files\Frontend\IO\Serialization</Filter>
    </ClInclude>
    <ClInclude Include="include\io\XmlSerialize.h">
      <Filter>Source Files\Frontend\IO\Serialization</Filter>
    </ClInclude>
    <ClInclude Include="include\io\XmlWriter.h">
      <Filter>Source Files\Frontend\IO\Serialization</Filter>
    </ClInclude>
    <ClInclude Include="include\io\Error.h">
      <Filter>Source Files\Frontend\IO</Filter>
    </ClInclude>
    <ClInclude Include="include\io\FileStream.h">
      <Filter>Source Files\Frontend\IO</Filter>
    </ClInclude>
    <ClInclude Include="include\io\FileUtility.h">
      <Filter>Source Files\Frontend\IO</Filter>
    </ClInclude>
    <ClInclude Include="include\io\SettingsCollection.h">
      <Filter>Source Files\Frontend\IO</Filter>
    </ClInclude>
    <ClInclude Include="include\user\Security.h">
      <Filter>Source Files\Frontend\User</Filter>
    </ClInclude>
    <ClInclude Include="include\user\UserManager.h">
      <Filter>Source Files\Frontend\User</Filter>
    </ClInclude>
    <ClInclude Include="include\user\UserProfile.h">
      <Filter>Source Files\Frontend\User</Filter>
    </ClInclude>
    <ClInclude Include="include\user\UserSettings.h">
      <Filter>Source Files\Frontend\User</Filter>
    </ClInclude>
    <ClInclude Include="include\user\ProfileDatabase.h">
      <Filter>Source Files\Frontend\User</Filter>
    </ClInclude>
    <ClInclude Include="include\data\ExcludedSearchTerms.h">
      <Filter>Source Files\Frontend\IO\Data</Filter>
    </ClInclude>
    <ClInclude Include="include\data\ModelSettings.h">
      <Filter>Source Files\Frontend\IO\Data</Filter>
    </ClInclude>
    <ClInclude Include="include\data\Scenario.h">
      <Filter>Source Files\Frontend\IO\Data</Filter>
    </ClInclude>
    <ClInclude Include="include\data\TavernCardV2.h">
      <Filter>Source Files\Frontend\IO\Data</Filter>
    </ClInclude>
    <ClInclude Include="include\data\Character.h">
      <Filter>Source Files\Frontend\IO\Data</Filter>
    </ClInclude>
    <ClInclude Include="include\data\CharacterGender.h">
      <Filter>Source Files\Frontend\IO\Data</Filter>
    </ClInclude>
    <ClInclude Include="include\data\ChatLog.h">
      <Filter>Source Files\Frontend\IO\Data</Filter>
    </ClInclude>
    <ClInclude Include="include\util\Handle.h">
      <Filter>Source Files\Utility</Filter>
    </ClInclude>
    <ClInclude Include="include\text\TextEvaluator.h">
      <Filter>Source Files\Chat\Text</Filter>
    </ClInclude>
    <ClInclude Include="include\text\Context.h">
      <Filter>Source Files\Chat\Text</Filter>
    </ClInclude>
    <ClInclude Include="include\text\ConditionNode.h">
      <Filter>Source Files\Chat\Text</Filter>
    </ClInclude>
    <ClInclude Include="include\text\ConditionParser.h">
      <Filter>Source Files\Chat\Text</Filter>
    </ClInclude>
    <ClInclude Include="include\text\Condition.h">
      <Filter>Source Files\Chat\Text</Filter>
    </ClInclude>
    <ClInclude Include="include\chat\PromptScaffold.h">
      <Filter>Source Files\Chat</Filter>
    </ClInclude>
    <ClInclude Include="include\text\ContextLocator.h">
      <Filter>Source Files\Chat\Text</Filter>
    </ClInclude>
    <ClInclude Include="include\chat\PromptBuilder.h">
      <Filter>Source Files\Chat</Filter>
    </ClInclude>
    <ClInclude Include="include\text\MacroProvider.h">
      <Filter>Source Files\Chat\Text</Filter>
    </ClInclude>
    <ClInclude Include="include\chat\UserDefinedOptions.h">
      <Filter>Source Files\Chat</Filter>
    </ClInclude>
    <ClInclude Include="include\util\OptionalRef.h">
      <Filter>Source Files\Utility</Filter>
    </ClInclude>
    <ClInclude Include="include\util\ExpectedRef.h">
      <Filter>Source Files\Utility</Filter>
    </ClInclude>
    <ClInclude Include="..\Libraries\fpm\include\ios.hpp">
      <Filter>Source Files\Third-party\fpm</Filter>
    </ClInclude>
    <ClInclude Include="..\Libraries\fpm\include\math.hpp">
      <Filter>Source Files\Third-party\fpm</Filter>
    </ClInclude>
    <ClInclude Include="..\Libraries\fpm\include\fixed.hpp">
      <Filter>Source Files\Third-party\fpm</Filter>
    </ClInclude>
    <ClInclude Include="include\chat\MessagePoller.h">
      <Filter>Source Files\Chat</Filter>
    </ClInclude>
    <ClInclude Include="include\chat\ChatLogger.h">
      <Filter>Source Files\Chat</Filter>
    </ClInclude>
    <ClInclude Include="include\data\ChatInstance.h">
      <Filter>Source Files\Frontend\IO\Data</Filter>
    </ClInclude>
    <ClInclude Include="include\util\FixedString.h">
      <Filter>Source Files\Utility</Filter>
    </ClInclude>
    <ClInclude Include="include\gui\ChatListingScreen.h">
      <Filter>Source Files\Frontend\GUI\Screens\ChatListing</Filter>
    </ClInclude>
    <ClInclude Include="include\gui\ChatList.h">
      <Filter>Source Files\Frontend\GUI\Screens\ChatListing\Controls</Filter>
    </ClInclude>
    <ClInclude Include="include\gui\ChatScreen.h">
      <Filter>Source Files\Frontend\GUI\Screens\Chat</Filter>
    </ClInclude>
    <ClInclude Include="include\gui\ChatMessage.h">
      <Filter>Source Files\Frontend\GUI\Screens\Chat\Controls</Filter>
    </ClInclude>
    <ClInclude Include="include\gui\ChatScroll.h">
      <Filter>Source Files\Frontend\GUI\Screens\Chat\Controls</Filter>
    </ClInclude>
    <ClInclude Include="include\gui\VariableList.h">
      <Filter>Source Files\Frontend\GUI\Screens\Chat\Controls</Filter>
    </ClInclude>
    <ClInclude Include="include\gui\HomeScreen.h">
      <Filter>Source Files\Frontend\GUI\Screens\Home</Filter>
    </ClInclude>
    <ClInclude Include="include\gui\CardImage.h">
      <Filter>Source Files\Frontend\GUI\Screens\Home\Controls</Filter>
    </ClInclude>
    <ClInclude Include="include\gui\CharacterCard.h">
      <Filter>Source Files\Frontend\GUI\Screens\Home\Controls</Filter>
    </ClInclude>
    <ClInclude Include="include\gui\CoverCard.h">
      <Filter>Source Files\Frontend\GUI\Screens\Home\Controls</Filter>
    </ClInclude>
    <ClInclude Include="include\gui\ScenarioCard.h">
      <Filter>Source Files\Frontend\GUI\Screens\Home\Controls</Filter>
    </ClInclude>
    <ClInclude Include="include\gui\CardList.h">
      <Filter>Source Files\Frontend\GUI\Screens\Home\Controls</Filter>
    </ClInclude>
    <ClInclude Include="include\gui\ChatListItem.h">
      <Filter>Source Files\Frontend\GUI\Screens\ChatListing\Controls</Filter>
    </ClInclude>
    <ClInclude Include="include\util\ObserverPtr.h">
      <Filter>Source Files\Utility</Filter>
    </ClInclude>
    <ClInclude Include="include\util\Timestamp.h">
      <Filter>Source Files\Utility</Filter>
    </ClInclude>
    <ClInclude Include="include\io\AssetCache.h">
      <Filter>Source Files\Frontend\IO\Assets</Filter>
    </ClInclude>
    <ClInclude Include="include\io\ContentTypes.h">
      <Filter>Source Files\Frontend\IO\Assets</Filter>
    </ClInclude>
    <ClInclude Include="include\data\ContentMetaData.h">
      <Filter>Source Files\Frontend\IO\Assets</Filter>
    </ClInclude>
    <ClInclude Include="include\io\ContentUserSettings.h">
      <Filter>Source Files\Frontend\IO\Assets</Filter>
    </ClInclude>
    <ClInclude Include="include\gui\InfoPanel.h">
      <Filter>Source Files\Frontend\GUI\Screens\Chat\Controls</Filter>
    </ClInclude>
    <ClInclude Include="include\gui\ImageViewport.h">
      <Filter>Source Files\Frontend\GUI\Screens\Chat\Controls</Filter>
    </ClInclude>
    <ClInclude Include="include\gui\ChatBackground.h">
      <Filter>Source Files\Frontend\GUI\Screens\Chat\Controls</Filter>
    </ClInclude>
    <ClInclude Include="include\gui\RenderTargetControl.h">
      <Filter>Source Files\Frontend\GUI\Controls\Primitives</Filter>
    </ClInclude>
    <ClInclude Include="include\gui\ResizeHandle.h">
      <Filter>Source Files\Frontend\GUI\Controls\Primitives</Filter>
    </ClInclude>
    <ClInclude Include="..\Libraries\fast_gaussian_blur\include\fast_gaussian_blur_template.h">
      <Filter>Source Files\Third-party\fast_gaussian_blur</Filter>
    </ClInclude>
    <ClInclude Include="include\gui\CharacterDetailsPanel.h">
      <Filter>Source Files\Frontend\GUI\Screens\Chat\Controls</Filter>
    </ClInclude>
    <ClInclude Include="include\gui\BoxSizer.h">
      <Filter>Source Files\Frontend\GUI\Layout\Sizers</Filter>
    </ClInclude>
    <ClInclude Include="include\io\AssetTypeDefinition.h">
      <Filter>Source Files\Frontend\IO\Assets</Filter>
    </ClInclude>
    <ClInclude Include="include\io\SQLTransaction.h">
      <Filter>Source Files\Frontend\IO\Assets</Filter>
    </ClInclude>
    <ClInclude Include="include\gui\Slider.h">
      <Filter>Source Files\Frontend\GUI\Controls\Primitives</Filter>
    </ClInclude>
    <ClInclude Include="include\gui\FillParentSizer.h">
      <Filter>Source Files\Frontend\GUI\Layout\Sizers</Filter>
    </ClInclude>
    <ClInclude Include="include\gui\BehindChat.h">
      <Filter>Source Files\Frontend\GUI\Controls</Filter>
    </ClInclude>
    <ClInclude Include="include\gui\EditorScreen.h">
      <Filter>Source Files\Frontend\GUI\Screens</Filter>
    </ClInclude>
    <ClInclude Include="include\gui\Editor.h">
      <Filter>Source Files\Frontend\GUI\Screens\Editors</Filter>
    </ClInclude>
    <ClInclude Include="include\gui\CharacterEditor.h">
      <Filter>Source Files\Frontend\GUI\Screens\Editors</Filter>
    </ClInclude>
    <ClInclude Include="include\gui\EditorFields.h">
      <Filter>Source Files\Frontend\GUI\Screens\Editors</Filter>
    </ClInclude>
    <ClInclude Include="include\gui\ValueBinding.h">
      <Filter>Source Files\Frontend\GUI\Screens\Editors</Filter>
    </ClInclude>
    <ClInclude Include="include\util\OpaquePtr.h">
      <Filter>Source Files\Utility</Filter>
    </ClInclude>
    <ClInclude Include="include\data\VoiceSettings.h">
      <Filter>Source Files\Frontend\IO\Data</Filter>
    </ClInclude>
    <ClInclude Include="include\tts\TTSBackend.h">
      <Filter>Source Files\Backend\TTS</Filter>
    </ClInclude>
    <ClInclude Include="include\audio\AudioManager.h">
      <Filter>Source Files\Frontend\Audio</Filter>
    </ClInclude>
    <ClInclude Include="include\data\VersionNumber.h">
      <Filter>Source Files\Frontend\IO\Data</Filter>
    </ClInclude>
    <ClInclude Include="include\tts\TTSTypes.h">
      <Filter>Source Files\Backend\TTS</Filter>
    </ClInclude>
    <ClInclude Include="include\gui\VoiceEditor.h">
      <Filter>Source Files\Frontend\GUI\Screens\Editors</Filter>
    </ClInclude>
    <ClInclude Include="include\tts\VoicePrint.h">
      <Filter>Source Files\Backend\TTS</Filter>
    </ClInclude>
    <ClInclude Include="include\tts\VoiceModelSettings.h">
      <Filter>Source Files\Backend\TTS</Filter>
    </ClInclude>
    <ClInclude Include="include\tts\AudioData.h">
      <Filter>Source Files\Backend\TTS</Filter>
    </ClInclude>
    <ClInclude Include="include\tts\AudioResultQueue.h">
      <Filter>Source Files\Backend\TTS\AudioServer</Filter>
    </ClInclude>
    <ClInclude Include="include\tts\AudioServerConfiguration.h">
      <Filter>Source Files\Backend\TTS\AudioServer</Filter>
    </ClInclude>
    <ClInclude Include="include\tts\IHttpClient.h">
      <Filter>Source Files\Backend\TTS\AudioServer</Filter>
    </ClInclude>
    <ClInclude Include="include\tts\AudioServerProcess_SDL.h">
      <Filter>Source Files\Backend\TTS\AudioServer</Filter>
    </ClInclude>
    <ClInclude Include="include\tts\IAudioServerProcess.h">
      <Filter>Source Files\Backend\TTS\AudioServer</Filter>
    </ClInclude>
    <ClInclude Include="include\tts\AudioServerProcess_Win32.h">
      <Filter>Source Files\Backend\TTS\AudioServer</Filter>
    </ClInclude>
    <ClInclude Include="include\tts\HttpClient_Win32.h">
      <Filter>Source Files\Backend\TTS\AudioServer</Filter>
    </ClInclude>
    <ClInclude Include="include\gui\TopBar.h">
      <Filter>Source Files\Frontend\GUI\Controls</Filter>
    </ClInclude>
    <ClInclude Include="include\gui\TextBox.h">
      <Filter>Source Files\Frontend\GUI\Controls\Primitives</Filter>
    </ClInclude>
    <ClInclude Include="include\gui\ButtonWithIcon.h">
      <Filter>Source Files\Frontend\GUI\Controls\Primitives</Filter>
    </ClInclude>
    <ClInclude Include="include\gui\ButtonWithLabel.h">
      <Filter>Source Files\Frontend\GUI\Controls\Primitives</Filter>
    </ClInclude>
    <ClInclude Include="include\gui\ButtonWithLabelAndIcon.h">
      <Filter>Source Files\Frontend\GUI\Controls\Primitives</Filter>
    </ClInclude>
    <ClInclude Include="include\gui\ThemedButton.h">
      <Filter>Source Files\Frontend\GUI\Controls\Primitives</Filter>
    </ClInclude>
    <ClInclude Include="include\gui\ToggleWithIcon.h">
      <Filter>Source Files\Frontend\GUI\Controls\Primitives</Filter>
    </ClInclude>
    <ClInclude Include="include\gui\ToggleWithLabel.h">
      <Filter>Source Files\Frontend\GUI\Controls\Primitives</Filter>
    </ClInclude>
    <ClInclude Include="include\gui\MouseEventHandler.h">
      <Filter>Source Files\Frontend\GUI\Utility</Filter>
    </ClInclude>
    <ClInclude Include="include\gui\DropList.h">
      <Filter>Source Files\Frontend\GUI\Controls\Primitives</Filter>
    </ClInclude>
  </ItemGroup>
  <ItemGroup>
    <None Include="cpp.hint" />
  </ItemGroup>
</Project>