<?xml version="1.0" encoding="utf-8"?>
<Project ToolsVersion="4.0" xmlns="http://schemas.microsoft.com/developer/msbuild/2003">
  <ItemGroup>
    <Filter Include="Source Files">
      <UniqueIdentifier>{4FC737F1-C7A5-4376-A066-2A32D752A2FF}</UniqueIdentifier>
      <Extensions>cpp;c;cc;cxx;c++;cppm;ixx;def;odl;idl;hpj;bat;asm;asmx</Extensions>
    </Filter>
    <Filter Include="Resource Files">
      <UniqueIdentifier>{67DA6AB6-F800-4c08-8B7A-83BB121AAD01}</UniqueIdentifier>
      <Extensions>rc;ico;cur;bmp;dlg;rc2;rct;bin;rgs;gif;jpg;jpeg;jpe;resx;tiff;tif;png;wav;mfcribbon-ms</Extensions>
    </Filter>
    <Filter Include="Source Files\Application">
      <UniqueIdentifier>{f091d8a3-981c-4ca9-a9da-5a51ba6cd2d8}</UniqueIdentifier>
    </Filter>
    <Filter Include="Source Files\Interface">
      <UniqueIdentifier>{19211871-fca3-43ea-a283-bedeafe48690}</UniqueIdentifier>
    </Filter>
    <Filter Include="Source Files\Utility">
      <UniqueIdentifier>{fe76bd4c-257b-4367-b334-f71f71e387db}</UniqueIdentifier>
    </Filter>
    <Filter Include="Source Files\Utility\Third-party">
      <UniqueIdentifier>{656a9e42-e42d-48b3-ba04-a1f41e278237}</UniqueIdentifier>
    </Filter>
    <Filter Include="Source Files\Utility\Third-party\SQLiteCpp">
      <UniqueIdentifier>{2d33d23a-af68-4cd7-8729-6d2367369bd8}</UniqueIdentifier>
    </Filter>
    <Filter Include="Source Files\Utility\Third-party\tinyxml2">
      <UniqueIdentifier>{abfccfd5-f4a0-4eff-8c48-c0fed63d8c8c}</UniqueIdentifier>
    </Filter>
    <Filter Include="Source Files\Interface\Controls">
      <UniqueIdentifier>{629db8c4-47b9-4beb-a0f2-ed7e30cf6b90}</UniqueIdentifier>
    </Filter>
    <Filter Include="Source Files\Interface\Frames">
      <UniqueIdentifier>{ad99cbed-4053-4284-9125-df5de355b049}</UniqueIdentifier>
    </Filter>
    <Filter Include="Source Files\Inference">
      <UniqueIdentifier>{b6a16c68-2efd-46d3-b4b1-42ee978fc28a}</UniqueIdentifier>
    </Filter>
    <Filter Include="Source Files\Model">
      <UniqueIdentifier>{43584bac-6f34-46cc-984a-5080e30d0816}</UniqueIdentifier>
    </Filter>
    <Filter Include="Source Files\Utility\Third-party\uuid">
      <UniqueIdentifier>{b5ea80b4-2914-45c0-82fe-8ed586dc861e}</UniqueIdentifier>
    </Filter>
    <Filter Include="Source Files\Interface\Layout">
      <UniqueIdentifier>{57755d10-8ebb-4dcb-baad-ffe8cd25fd40}</UniqueIdentifier>
    </Filter>
    <Filter Include="Source Files\Interface\Theme">
      <UniqueIdentifier>{a26ce618-0289-4dc6-9946-60431dc87d8b}</UniqueIdentifier>
    </Filter>
    <Filter Include="Source Files\Interface\Stores">
      <UniqueIdentifier>{a03df242-3861-42f9-a5a1-d305c5eef703}</UniqueIdentifier>
    </Filter>
    <Filter Include="Source Files\Interface\Fonts">
      <UniqueIdentifier>{5be0169e-3550-4e31-bc40-13950d3ee7c1}</UniqueIdentifier>
    </Filter>
  </ItemGroup>
  <ItemGroup>
    <ClCompile Include="src\main.cpp">
      <Filter>Source Files</Filter>
    </ClCompile>
    <ClCompile Include="..\Libraries\SQLite3\src\Column.cpp">
      <Filter>Source Files\Utility\Third-party\SQLiteCpp</Filter>
    </ClCompile>
    <ClCompile Include="..\Libraries\SQLite3\src\Database.cpp">
      <Filter>Source Files\Utility\Third-party\SQLiteCpp</Filter>
    </ClCompile>
    <ClCompile Include="..\Libraries\SQLite3\src\Exception.cpp">
      <Filter>Source Files\Utility\Third-party\SQLiteCpp</Filter>
    </ClCompile>
    <ClCompile Include="..\Libraries\SQLite3\src\Savepoint.cpp">
      <Filter>Source Files\Utility\Third-party\SQLiteCpp</Filter>
    </ClCompile>
    <ClCompile Include="..\Libraries\SQLite3\src\Statement.cpp">
      <Filter>Source Files\Utility\Third-party\SQLiteCpp</Filter>
    </ClCompile>
    <ClCompile Include="..\Libraries\SQLite3\src\Transaction.cpp">
      <Filter>Source Files\Utility\Third-party\SQLiteCpp</Filter>
    </ClCompile>
    <ClCompile Include="..\Libraries\SQLite3\src\Backup.cpp">
      <Filter>Source Files\Utility\Third-party\SQLiteCpp</Filter>
    </ClCompile>
    <ClCompile Include="src\Constants.cpp">
      <Filter>Source Files\Application</Filter>
    </ClCompile>
    <ClCompile Include="src\gui\Sizer.cpp">
      <Filter>Source Files\Interface\Layout</Filter>
    </ClCompile>
    <ClCompile Include="src\gui\HorizontalSizer.cpp">
      <Filter>Source Files\Interface\Layout</Filter>
    </ClCompile>
    <ClCompile Include="src\gui\LayoutElement.cpp">
      <Filter>Source Files\Interface\Layout</Filter>
    </ClCompile>
    <ClCompile Include="src\gui\VerticalSizer.cpp">
      <Filter>Source Files\Interface\Layout</Filter>
    </ClCompile>
    <ClCompile Include="src\model\AppState.cpp">
      <Filter>Source Files\Application</Filter>
    </ClCompile>
    <ClCompile Include="src\gui\MainFrame.cpp">
      <Filter>Source Files\Interface\Frames</Filter>
    </ClCompile>
    <ClCompile Include="src\gui\Panel.cpp">
      <Filter>Source Files\Interface\Controls</Filter>
    </ClCompile>
    <ClCompile Include="src\gui\StaticText.cpp">
      <Filter>Source Files\Interface\Controls</Filter>
    </ClCompile>
    <ClCompile Include="src\gui\TextBox.cpp">
      <Filter>Source Files\Interface\Controls</Filter>
    </ClCompile>
    <ClCompile Include="src\gui\VerticalListSizer.cpp">
      <Filter>Source Files\Interface\Layout</Filter>
    </ClCompile>
    <ClCompile Include="src\gui\ChatScroll.cpp">
      <Filter>Source Files\Interface\Controls</Filter>
    </ClCompile>
    <ClCompile Include="src\gui\ChatMessage.cpp">
      <Filter>Source Files\Interface\Controls</Filter>
    </ClCompile>
    <ClCompile Include="src\util\Utility.cpp">
      <Filter>Source Files\Utility</Filter>
    </ClCompile>
    <ClCompile Include="src\llm\LLMInstance.cpp">
      <Filter>Source Files\Inference</Filter>
    </ClCompile>
    <ClCompile Include="src\gui\Area.cpp">
      <Filter>Source Files\Interface\Controls</Filter>
    </ClCompile>
    <ClCompile Include="src\gui\StatusBar.cpp">
      <Filter>Source Files\Interface\Controls</Filter>
    </ClCompile>
    <ClCompile Include="src\util\StringUtility.cpp">
      <Filter>Source Files\Utility</Filter>
    </ClCompile>
    <ClCompile Include="src\gui\SolidBackgroundRenderer.cpp">
      <Filter>Source Files\Interface\Theme</Filter>
    </ClCompile>
    <ClCompile Include="src\gui\RoundedBackgroundRenderer.cpp">
      <Filter>Source Files\Interface\Theme</Filter>
    </ClCompile>
    <ClCompile Include="src\gui\RoundedBorderRenderer.cpp">
      <Filter>Source Files\Interface\Theme</Filter>
    </ClCompile>
    <ClCompile Include="src\gui\NineGridBackgroundRenderer.cpp">
      <Filter>Source Files\Interface\Theme</Filter>
    </ClCompile>
    <ClCompile Include="src\model\Character.cpp">
      <Filter>Source Files\Model</Filter>
    </ClCompile>
    <ClCompile Include="..\Libraries\tinyxml2\tinyxml2.cpp">
      <Filter>Source Files\Utility\Third-party\tinyxml2</Filter>
    </ClCompile>
    <ClCompile Include="src\llm\LLMUtility.cpp">
      <Filter>Source Files\Inference</Filter>
    </ClCompile>
    <ClCompile Include="src\gui\Graphics.cpp">
      <Filter>Source Files\Interface</Filter>
    </ClCompile>
    <ClCompile Include="src\util\CommandParser.cpp">
      <Filter>Source Files\Utility</Filter>
    </ClCompile>
    <ClCompile Include="src\gui\Control.cpp">
      <Filter>Source Files\Interface\Controls</Filter>
    </ClCompile>
    <ClCompile Include="src\gui\Color.cpp">
      <Filter>Source Files\Interface</Filter>
    </ClCompile>
    <ClCompile Include="src\gui\ControlWithMargins.cpp">
      <Filter>Source Files\Interface\Controls</Filter>
    </ClCompile>
    <ClCompile Include="src\gui\Frame.cpp">
      <Filter>Source Files\Interface\Frames</Filter>
    </ClCompile>
    <ClCompile Include="src\gui\Fonts.cpp">
      <Filter>Source Files\Interface\Fonts</Filter>
    </ClCompile>
    <ClCompile Include="src\gui\Text.cpp">
      <Filter>Source Files\Interface\Fonts</Filter>
    </ClCompile>
    <ClCompile Include="src\gui\TextureStore.cpp">
      <Filter>Source Files\Interface\Stores</Filter>
    </ClCompile>
    <ClCompile Include="src\gui\CharacterImageStore.cpp">
      <Filter>Source Files\Interface\Stores</Filter>
    </ClCompile>
    <ClCompile Include="src\gui\Image.cpp">
      <Filter>Source Files\Interface\Controls</Filter>
    </ClCompile>
  </ItemGroup>
  <ItemGroup>
    <ClInclude Include="include\Constants.h">
      <Filter>Source Files\Application</Filter>
    </ClInclude>
    <ClInclude Include="include\Types.h">
      <Filter>Source Files\Application</Filter>
    </ClInclude>
    <ClInclude Include="include\gui\Sizer.h">
      <Filter>Source Files\Interface\Layout</Filter>
    </ClInclude>
    <ClInclude Include="include\gui\HorizontalSizer.h">
      <Filter>Source Files\Interface\Layout</Filter>
    </ClInclude>
    <ClInclude Include="include\gui\LayoutElement.h">
      <Filter>Source Files\Interface\Layout</Filter>
    </ClInclude>
    <ClInclude Include="include\gui\IUpdateable.h">
      <Filter>Source Files\Interface</Filter>
    </ClInclude>
    <ClInclude Include="include\gui\VerticalSizer.h">
      <Filter>Source Files\Interface\Layout</Filter>
    </ClInclude>
    <ClInclude Include="include\model\AppState.h">
      <Filter>Source Files\Application</Filter>
    </ClInclude>
    <ClInclude Include="include\gui\MainFrame.h">
      <Filter>Source Files\Interface\Frames</Filter>
    </ClInclude>
    <ClInclude Include="include\gui\Panel.h">
      <Filter>Source Files\Interface\Controls</Filter>
    </ClInclude>
    <ClInclude Include="include\gui\StaticText.h">
      <Filter>Source Files\Interface\Controls</Filter>
    </ClInclude>
    <ClInclude Include="include\gui\TextBox.h">
      <Filter>Source Files\Interface\Controls</Filter>
    </ClInclude>
    <ClInclude Include="include\gui\VerticalListSizer.h">
      <Filter>Source Files\Interface\Layout</Filter>
    </ClInclude>
    <ClInclude Include="include\gui\ChatScroll.h">
      <Filter>Source Files\Interface\Controls</Filter>
    </ClInclude>
    <ClInclude Include="include\util\StringUtility.h">
      <Filter>Source Files\Utility</Filter>
    </ClInclude>
    <ClInclude Include="include\gui\ChatMessage.h">
      <Filter>Source Files\Interface\Controls</Filter>
    </ClInclude>
    <ClInclude Include="include\util\Utility.h">
      <Filter>Source Files\Utility</Filter>
    </ClInclude>
    <ClInclude Include="include\llm\LLMInstance.h">
      <Filter>Source Files\Inference</Filter>
    </ClInclude>
    <ClInclude Include="include\gui\Area.h">
      <Filter>Source Files\Interface\Controls</Filter>
    </ClInclude>
    <ClInclude Include="include\gui\StatusBar.h">
      <Filter>Source Files\Interface\Controls</Filter>
    </ClInclude>
    <ClInclude Include="include\gui\CustomRenderer.h">
      <Filter>Source Files\Interface\Theme</Filter>
    </ClInclude>
    <ClInclude Include="include\gui\SolidBackgroundRenderer.h">
      <Filter>Source Files\Interface\Theme</Filter>
    </ClInclude>
    <ClInclude Include="include\gui\RoundedBackgroundRenderer.h">
      <Filter>Source Files\Interface\Theme</Filter>
    </ClInclude>
    <ClInclude Include="include\gui\RoundedBorderRenderer.h">
      <Filter>Source Files\Interface\Theme</Filter>
    </ClInclude>
    <ClInclude Include="include\gui\NineGridBackgroundRenderer.h">
      <Filter>Source Files\Interface\Theme</Filter>
    </ClInclude>
    <ClInclude Include="include\model\Character.h">
      <Filter>Source Files\Model</Filter>
    </ClInclude>
    <ClInclude Include="..\Libraries\tinyxml2\tinyxml2.h">
      <Filter>Source Files\Utility\Third-party\tinyxml2</Filter>
    </ClInclude>
    <ClInclude Include="..\Libraries\uuid_v4\uuid_v4.h">
      <Filter>Source Files\Utility\Third-party\uuid</Filter>
    </ClInclude>
    <ClInclude Include="..\Libraries\uuid_v4\endianness.h">
      <Filter>Source Files\Utility\Third-party\uuid</Filter>
    </ClInclude>
    <ClInclude Include="include\llm\LLMUtility.h">
      <Filter>Source Files\Inference</Filter>
    </ClInclude>
    <ClInclude Include="include\gui\Renderers.h">
      <Filter>Source Files\Interface</Filter>
    </ClInclude>
    <ClInclude Include="include\gui\Graphics.h">
      <Filter>Source Files\Interface</Filter>
    </ClInclude>
    <ClInclude Include="include\model\ChatSession.h">
      <Filter>Source Files\Model</Filter>
    </ClInclude>
    <ClInclude Include="include\util\Command.h">
      <Filter>Source Files\Model</Filter>
    </ClInclude>
    <ClInclude Include="include\util\CommandParser.h">
      <Filter>Source Files\Utility</Filter>
    </ClInclude>
    <ClInclude Include="include\gui\Control.h">
      <Filter>Source Files\Interface\Controls</Filter>
    </ClInclude>
    <ClInclude Include="include\gui\Color.h">
      <Filter>Source Files\Interface</Filter>
    </ClInclude>
    <ClInclude Include="include\gui\ControlWithMargins.h">
      <Filter>Source Files\Interface\Controls</Filter>
    </ClInclude>
    <ClInclude Include="include\gui\Frame.h">
      <Filter>Source Files\Interface\Frames</Filter>
    </ClInclude>
    <ClInclude Include="include\gui\Fonts.h">
      <Filter>Source Files\Interface\Fonts</Filter>
    </ClInclude>
    <ClInclude Include="include\gui\Text.h">
      <Filter>Source Files\Interface\Fonts</Filter>
    </ClInclude>
    <ClInclude Include="include\gui\TextureStore.h">
      <Filter>Source Files\Interface\Stores</Filter>
    </ClInclude>
    <ClInclude Include="include\gui\CharacterImageStore.h">
      <Filter>Source Files\Interface\Stores</Filter>
    </ClInclude>
    <ClInclude Include="include\gui\Image.h">
      <Filter>Source Files\Interface\Controls</Filter>
    </ClInclude>
  </ItemGroup>
  <ItemGroup>
    <None Include="resources\formatting_grammar.gbnf">
      <Filter>Resource Files</Filter>
    </None>
  </ItemGroup>
  <ItemGroup>
    <Text Include="resources\prompt_formatting.txt">
      <Filter>Resource Files</Filter>
    </Text>
    <Text Include="resources\prompt_system.txt">
      <Filter>Resource Files</Filter>
    </Text>
    <Text Include="resources\prompt_greeting.txt">
      <Filter>Resource Files</Filter>
    </Text>
  </ItemGroup>
</Project>