<?xml version="1.0" encoding="utf-8"?>
<Project ToolsVersion="4.0" xmlns="http://schemas.microsoft.com/developer/msbuild/2003">
  <ItemGroup>
    <Filter Include="Source Files">
      <UniqueIdentifier>{4FC737F1-C7A5-4376-A066-2A32D752A2FF}</UniqueIdentifier>
      <Extensions>cpp;c;cc;cxx;c++;cppm;ixx;def;odl;idl;hpj;bat;asm;asmx</Extensions>
    </Filter>
    <Filter Include="Resource Files">
      <UniqueIdentifier>{67DA6AB6-F800-4c08-8B7A-83BB121AAD01}</UniqueIdentifier>
      <Extensions>rc;ico;cur;bmp;dlg;rc2;rct;bin;rgs;gif;jpg;jpeg;jpe;resx;tiff;tif;png;wav;mfcribbon-ms</Extensions>
    </Filter>
    <Filter Include="Source Files\Application">
      <UniqueIdentifier>{f091d8a3-981c-4ca9-a9da-5a51ba6cd2d8}</UniqueIdentifier>
    </Filter>
    <Filter Include="Source Files\Interface">
      <UniqueIdentifier>{19211871-fca3-43ea-a283-bedeafe48690}</UniqueIdentifier>
    </Filter>
    <Filter Include="Source Files\Utility">
      <UniqueIdentifier>{fe76bd4c-257b-4367-b334-f71f71e387db}</UniqueIdentifier>
    </Filter>
    <Filter Include="Source Files\Utility\Third-party">
      <UniqueIdentifier>{656a9e42-e42d-48b3-ba04-a1f41e278237}</UniqueIdentifier>
    </Filter>
    <Filter Include="Source Files\Utility\Third-party\SQLiteCpp">
      <UniqueIdentifier>{2d33d23a-af68-4cd7-8729-6d2367369bd8}</UniqueIdentifier>
    </Filter>
    <Filter Include="Source Files\Utility\Third-party\tinyxml2">
      <UniqueIdentifier>{abfccfd5-f4a0-4eff-8c48-c0fed63d8c8c}</UniqueIdentifier>
    </Filter>
    <Filter Include="Source Files\Utility\Interface">
      <UniqueIdentifier>{97d6e564-79f4-44e4-83c1-f1f1e7cd70b7}</UniqueIdentifier>
    </Filter>
    <Filter Include="Source Files\Interface\Controls">
      <UniqueIdentifier>{629db8c4-47b9-4beb-a0f2-ed7e30cf6b90}</UniqueIdentifier>
    </Filter>
    <Filter Include="Source Files\Interface\Frames">
      <UniqueIdentifier>{ad99cbed-4053-4284-9125-df5de355b049}</UniqueIdentifier>
    </Filter>
    <Filter Include="Source Files\Inference">
      <UniqueIdentifier>{b6a16c68-2efd-46d3-b4b1-42ee978fc28a}</UniqueIdentifier>
    </Filter>
    <Filter Include="Source Files\Utility\Interface\Theme">
      <UniqueIdentifier>{a26ce618-0289-4dc6-9946-60431dc87d8b}</UniqueIdentifier>
    </Filter>
    <Filter Include="Source Files\Model">
      <UniqueIdentifier>{43584bac-6f34-46cc-984a-5080e30d0816}</UniqueIdentifier>
    </Filter>
    <Filter Include="Source Files\Utility\Interface\Layout">
      <UniqueIdentifier>{57755d10-8ebb-4dcb-baad-ffe8cd25fd40}</UniqueIdentifier>
    </Filter>
  </ItemGroup>
  <ItemGroup>
    <ClCompile Include="src\main.cpp">
      <Filter>Source Files</Filter>
    </ClCompile>
    <ClCompile Include="..\Libraries\SQLite3\src\Column.cpp">
      <Filter>Source Files\Utility\Third-party\SQLiteCpp</Filter>
    </ClCompile>
    <ClCompile Include="..\Libraries\SQLite3\src\Database.cpp">
      <Filter>Source Files\Utility\Third-party\SQLiteCpp</Filter>
    </ClCompile>
    <ClCompile Include="..\Libraries\SQLite3\src\Exception.cpp">
      <Filter>Source Files\Utility\Third-party\SQLiteCpp</Filter>
    </ClCompile>
    <ClCompile Include="..\Libraries\SQLite3\src\Savepoint.cpp">
      <Filter>Source Files\Utility\Third-party\SQLiteCpp</Filter>
    </ClCompile>
    <ClCompile Include="..\Libraries\SQLite3\src\Statement.cpp">
      <Filter>Source Files\Utility\Third-party\SQLiteCpp</Filter>
    </ClCompile>
    <ClCompile Include="..\Libraries\SQLite3\src\Transaction.cpp">
      <Filter>Source Files\Utility\Third-party\SQLiteCpp</Filter>
    </ClCompile>
    <ClCompile Include="..\Libraries\SQLite3\src\Backup.cpp">
      <Filter>Source Files\Utility\Third-party\SQLiteCpp</Filter>
    </ClCompile>
    <ClCompile Include="src\Constants.cpp">
      <Filter>Source Files\Application</Filter>
    </ClCompile>
    <ClCompile Include="src\Sizer.cpp">
      <Filter>Source Files\Utility\Interface\Layout</Filter>
    </ClCompile>
    <ClCompile Include="src\HorizontalSizer.cpp">
      <Filter>Source Files\Utility\Interface\Layout</Filter>
    </ClCompile>
    <ClCompile Include="src\LayoutElement.cpp">
      <Filter>Source Files\Utility\Interface\Layout</Filter>
    </ClCompile>
    <ClCompile Include="src\Control.cpp">
      <Filter>Source Files\Utility\Interface</Filter>
    </ClCompile>
    <ClCompile Include="src\Frame.cpp">
      <Filter>Source Files\Utility\Interface</Filter>
    </ClCompile>
    <ClCompile Include="src\Fonts.cpp">
      <Filter>Source Files\Application</Filter>
    </ClCompile>
    <ClCompile Include="src\Text.cpp">
      <Filter>Source Files\Application</Filter>
    </ClCompile>
    <ClCompile Include="src\VerticalSizer.cpp">
      <Filter>Source Files\Utility\Interface\Layout</Filter>
    </ClCompile>
    <ClCompile Include="src\AppState.cpp">
      <Filter>Source Files\Application</Filter>
    </ClCompile>
    <ClCompile Include="src\MainFrame.cpp">
      <Filter>Source Files\Interface\Frames</Filter>
    </ClCompile>
    <ClCompile Include="src\Panel.cpp">
      <Filter>Source Files\Interface\Controls</Filter>
    </ClCompile>
    <ClCompile Include="src\StaticText.cpp">
      <Filter>Source Files\Interface\Controls</Filter>
    </ClCompile>
    <ClCompile Include="src\TextBox.cpp">
      <Filter>Source Files\Interface\Controls</Filter>
    </ClCompile>
    <ClCompile Include="src\Color.cpp">
      <Filter>Source Files\Utility</Filter>
    </ClCompile>
    <ClCompile Include="src\VerticalListSizer.cpp">
      <Filter>Source Files\Utility\Interface\Layout</Filter>
    </ClCompile>
    <ClCompile Include="src\ChatScroll.cpp">
      <Filter>Source Files\Interface\Controls</Filter>
    </ClCompile>
    <ClCompile Include="src\ChatMessage.cpp">
      <Filter>Source Files\Interface\Controls</Filter>
    </ClCompile>
    <ClCompile Include="src\Utility.cpp">
      <Filter>Source Files\Utility</Filter>
    </ClCompile>
    <ClCompile Include="src\LLMInstance.cpp">
      <Filter>Source Files\Inference</Filter>
    </ClCompile>
    <ClCompile Include="src\Area.cpp">
      <Filter>Source Files\Interface\Controls</Filter>
    </ClCompile>
    <ClCompile Include="src\ControlWithMargins.cpp">
      <Filter>Source Files\Utility\Interface</Filter>
    </ClCompile>
    <ClCompile Include="src\StatusBar.cpp">
      <Filter>Source Files\Interface\Controls</Filter>
    </ClCompile>
    <ClCompile Include="src\StringUtil.cpp">
      <Filter>Source Files\Utility</Filter>
    </ClCompile>
    <ClCompile Include="src\SolidBackgroundRenderer.cpp">
      <Filter>Source Files\Utility\Interface\Theme</Filter>
    </ClCompile>
    <ClCompile Include="src\RoundedBackgroundRenderer.cpp">
      <Filter>Source Files\Utility\Interface\Theme</Filter>
    </ClCompile>
    <ClCompile Include="src\RoundedBorderRenderer.cpp">
      <Filter>Source Files\Utility\Interface\Theme</Filter>
    </ClCompile>
    <ClCompile Include="src\TextureStore.cpp">
      <Filter>Source Files\Application</Filter>
    </ClCompile>
    <ClCompile Include="src\NineGridBackgroundRenderer.cpp">
      <Filter>Source Files\Utility\Interface\Theme</Filter>
    </ClCompile>
    <ClCompile Include="src\ContextBuilder.cpp">
      <Filter>Source Files\Inference</Filter>
    </ClCompile>
    <ClCompile Include="src\Character.cpp">
      <Filter>Source Files\Model</Filter>
    </ClCompile>
    <ClCompile Include="..\Libraries\tinyxml2\tinyxml2.cpp">
      <Filter>Source Files\Utility\Third-party\tinyxml2</Filter>
    </ClCompile>
  </ItemGroup>
  <ItemGroup>
    <ClInclude Include="include\Constants.h">
      <Filter>Source Files\Application</Filter>
    </ClInclude>
    <ClInclude Include="include\Types.h">
      <Filter>Source Files\Application</Filter>
    </ClInclude>
    <ClInclude Include="include\Sizer.h">
      <Filter>Source Files\Utility\Interface\Layout</Filter>
    </ClInclude>
    <ClInclude Include="include\HorizontalSizer.h">
      <Filter>Source Files\Utility\Interface\Layout</Filter>
    </ClInclude>
    <ClInclude Include="include\LayoutElement.h">
      <Filter>Source Files\Utility\Interface\Layout</Filter>
    </ClInclude>
    <ClInclude Include="include\Control.h">
      <Filter>Source Files\Utility\Interface</Filter>
    </ClInclude>
    <ClInclude Include="include\Frame.h">
      <Filter>Source Files\Utility\Interface</Filter>
    </ClInclude>
    <ClInclude Include="include\IUpdateable.h">
      <Filter>Source Files\Interface</Filter>
    </ClInclude>
    <ClInclude Include="include\Fonts.h">
      <Filter>Source Files\Application</Filter>
    </ClInclude>
    <ClInclude Include="include\Text.h">
      <Filter>Source Files\Application</Filter>
    </ClInclude>
    <ClInclude Include="include\VerticalSizer.h">
      <Filter>Source Files\Utility\Interface\Layout</Filter>
    </ClInclude>
    <ClInclude Include="include\AppState.h">
      <Filter>Source Files\Application</Filter>
    </ClInclude>
    <ClInclude Include="include\MainFrame.h">
      <Filter>Source Files\Interface\Frames</Filter>
    </ClInclude>
    <ClInclude Include="include\Panel.h">
      <Filter>Source Files\Interface\Controls</Filter>
    </ClInclude>
    <ClInclude Include="include\StaticText.h">
      <Filter>Source Files\Interface\Controls</Filter>
    </ClInclude>
    <ClInclude Include="include\TextBox.h">
      <Filter>Source Files\Interface\Controls</Filter>
    </ClInclude>
    <ClInclude Include="include\Color.h">
      <Filter>Source Files\Utility</Filter>
    </ClInclude>
    <ClInclude Include="include\VerticalListSizer.h">
      <Filter>Source Files\Utility\Interface\Layout</Filter>
    </ClInclude>
    <ClInclude Include="include\ChatScroll.h">
      <Filter>Source Files\Interface\Controls</Filter>
    </ClInclude>
    <ClInclude Include="include\StringUtil.h">
      <Filter>Source Files\Utility</Filter>
    </ClInclude>
    <ClInclude Include="include\ChatMessage.h">
      <Filter>Source Files\Interface\Controls</Filter>
    </ClInclude>
    <ClInclude Include="include\Utility.h">
      <Filter>Source Files\Utility</Filter>
    </ClInclude>
    <ClInclude Include="include\LLMInstance.h">
      <Filter>Source Files\Inference</Filter>
    </ClInclude>
    <ClInclude Include="include\Area.h">
      <Filter>Source Files\Interface\Controls</Filter>
    </ClInclude>
    <ClInclude Include="include\ControlWithMargins.h">
      <Filter>Source Files\Utility\Interface</Filter>
    </ClInclude>
    <ClInclude Include="include\StatusBar.h">
      <Filter>Source Files\Interface\Controls</Filter>
    </ClInclude>
    <ClInclude Include="include\CustomRenderer.h">
      <Filter>Source Files\Utility\Interface\Theme</Filter>
    </ClInclude>
    <ClInclude Include="include\SolidBackgroundRenderer.h">
      <Filter>Source Files\Utility\Interface\Theme</Filter>
    </ClInclude>
    <ClInclude Include="include\RoundedBackgroundRenderer.h">
      <Filter>Source Files\Utility\Interface\Theme</Filter>
    </ClInclude>
    <ClInclude Include="include\RoundedBorderRenderer.h">
      <Filter>Source Files\Utility\Interface\Theme</Filter>
    </ClInclude>
    <ClInclude Include="include\TextureStore.h">
      <Filter>Source Files\Application</Filter>
    </ClInclude>
    <ClInclude Include="include\NineGridBackgroundRenderer.h">
      <Filter>Source Files\Utility\Interface\Theme</Filter>
    </ClInclude>
    <ClInclude Include="include\ContextBuilder.h">
      <Filter>Source Files\Inference</Filter>
    </ClInclude>
    <ClInclude Include="include\Character.h">
      <Filter>Source Files\Model</Filter>
    </ClInclude>
    <ClInclude Include="..\Libraries\tinyxml2\tinyxml2.h">
      <Filter>Source Files\Utility\Third-party\tinyxml2</Filter>
    </ClInclude>
  </ItemGroup>
</Project>